// !$*UTF8*$!
{
	archiveVersion = 1;
	classes = {
	};
	objectVersion = 46;
	objects = {

/* Begin PBXBuildFile section */
		FA1ED7551CEAE8E30067331C /* PascalParserTD.m in Sources */ = {isa = PBXBuildFile; fileRef = FA1ED7541CEAE8E30067331C /* PascalParserTD.m */; };
		FA1ED7581CEAEB410067331C /* PascalScanner.m in Sources */ = {isa = PBXBuildFile; fileRef = FA1ED7571CEAEB410067331C /* PascalScanner.m */; };
		FA536C201CFBCF87003586A4 /* PascalErrorHandler.m in Sources */ = {isa = PBXBuildFile; fileRef = FA536C1F1CFBCF87003586A4 /* PascalErrorHandler.m */; };
		FA536C231CFBD2F5003586A4 /* PascalErrorCode.m in Sources */ = {isa = PBXBuildFile; fileRef = FA536C221CFBD2F5003586A4 /* PascalErrorCode.m */; };
		FAAC981D1D08DC8B006F0705 /* PascalSpecialSymbolToken.m in Sources */ = {isa = PBXBuildFile; fileRef = FAAC981C1D08DC8B006F0705 /* PascalSpecialSymbolToken.m */; };
		FAAC98201D08E30D006F0705 /* PascalNumberToken.m in Sources */ = {isa = PBXBuildFile; fileRef = FAAC981F1D08E30D006F0705 /* PascalNumberToken.m */; };
		FACF1A571CEED0F100F8D65F /* CodeGenerator.m in Sources */ = {isa = PBXBuildFile; fileRef = FACF1A561CEED0F100F8D65F /* CodeGenerator.m */; };
		FACF1A5A1CEED28700F8D65F /* Executor.m in Sources */ = {isa = PBXBuildFile; fileRef = FACF1A591CEED28700F8D65F /* Executor.m */; };
		FACF1A5D1CEED3EC00F8D65F /* Pascal.m in Sources */ = {isa = PBXBuildFile; fileRef = FACF1A5C1CEED3EC00F8D65F /* Pascal.m */; };
		FAD097161CE69C0C00797878 /* main.m in Sources */ = {isa = PBXBuildFile; fileRef = FAD097151CE69C0C00797878 /* main.m */; };
		FAD0971F1CE69CF500797878 /* Parser.m in Sources */ = {isa = PBXBuildFile; fileRef = FAD0971E1CE69CF500797878 /* Parser.m */; };
		FAD097251CE69D9100797878 /* Scanner.m in Sources */ = {isa = PBXBuildFile; fileRef = FAD097241CE69D9100797878 /* Scanner.m */; };
		FAD0972B1CE69E9C00797878 /* Token.m in Sources */ = {isa = PBXBuildFile; fileRef = FAD0972A1CE69E9C00797878 /* Token.m */; };
		FAD0972E1CE69F2200797878 /* Source.m in Sources */ = {isa = PBXBuildFile; fileRef = FAD0972D1CE69F2200797878 /* Source.m */; };
		FAD097331CE6A14D00797878 /* LineReader.m in Sources */ = {isa = PBXBuildFile; fileRef = FAD097321CE6A14D00797878 /* LineReader.m */; };
		FAD097381CE6B1E700797878 /* EofToken.m in Sources */ = {isa = PBXBuildFile; fileRef = FAD097371CE6B1E700797878 /* EofToken.m */; };
		FAD0973B1CE6B78A00797878 /* Message.m in Sources */ = {isa = PBXBuildFile; fileRef = FAD0973A1CE6B78A00797878 /* Message.m */; };
		FAD0973F1CE6B8C200797878 /* Notifications.m in Sources */ = {isa = PBXBuildFile; fileRef = FAD0973E1CE6B8C200797878 /* Notifications.m */; };
		FAD097461CEAE46E00797878 /* Backend.m in Sources */ = {isa = PBXBuildFile; fileRef = FAD097451CEAE46E00797878 /* Backend.m */; };
		FAFAF4621CFBFABD00D563B0 /* PascalErrorToken.m in Sources */ = {isa = PBXBuildFile; fileRef = FAFAF4611CFBFABD00D563B0 /* PascalErrorToken.m */; };
		FAFAF4651CFBFBFA00D563B0 /* PascalToken.m in Sources */ = {isa = PBXBuildFile; fileRef = FAFAF4641CFBFBFA00D563B0 /* PascalToken.m */; };
		FAFAF4691CFC06A800D563B0 /* PascalTokenType.m in Sources */ = {isa = PBXBuildFile; fileRef = FAFAF4681CFC06A800D563B0 /* PascalTokenType.m */; };
		FAFAF46C1CFC15FA00D563B0 /* PascalWordToken.m in Sources */ = {isa = PBXBuildFile; fileRef = FAFAF46B1CFC15FA00D563B0 /* PascalWordToken.m */; };
		FAFAF46F1CFC1C5A00D563B0 /* PascalStringToken.m in Sources */ = {isa = PBXBuildFile; fileRef = FAFAF46E1CFC1C5A00D563B0 /* PascalStringToken.m */; };
		FAFBCBCF1D176C1100C036D6 /* SymbolTableFactory.m in Sources */ = {isa = PBXBuildFile; fileRef = FAFBCBCE1D176C1100C036D6 /* SymbolTableFactory.m */; };
		FAFBCBD21D176FAB00C036D6 /* SymTabStack.m in Sources */ = {isa = PBXBuildFile; fileRef = FAFBCBD11D176FAB00C036D6 /* SymTabStack.m */; };
		FAFBCBD51D1771C300C036D6 /* SymTab.m in Sources */ = {isa = PBXBuildFile; fileRef = FAFBCBD41D1771C300C036D6 /* SymTab.m */; };
		FAFBCBD81D17756300C036D6 /* SymTabEntry.m in Sources */ = {isa = PBXBuildFile; fileRef = FAFBCBD71D17756300C036D6 /* SymTabEntry.m */; };
		FAFBCBDB1D1777A400C036D6 /* SymTabKey.m in Sources */ = {isa = PBXBuildFile; fileRef = FAFBCBDA1D1777A400C036D6 /* SymTabKey.m */; };
		FAFBCBE21D177CC000C036D6 /* CrossReferencer.m in Sources */ = {isa = PBXBuildFile; fileRef = FAFBCBE11D177CC000C036D6 /* CrossReferencer.m */; };
/* End PBXBuildFile section */

/* Begin PBXCopyFilesBuildPhase section */
		FAD097101CE69C0C00797878 /* CopyFiles */ = {
			isa = PBXCopyFilesBuildPhase;
			buildActionMask = 2147483647;
			dstPath = /usr/share/man/man1/;
			dstSubfolderSpec = 0;
			files = (
			);
			runOnlyForDeploymentPostprocessing = 1;
		};
/* End PBXCopyFilesBuildPhase section */

/* Begin PBXFileReference section */
		FA1ED7531CEAE8E30067331C /* PascalParserTD.h */ = {isa = PBXFileReference; fileEncoding = 4; lastKnownFileType = sourcecode.c.h; path = PascalParserTD.h; sourceTree = "<group>"; };
		FA1ED7541CEAE8E30067331C /* PascalParserTD.m */ = {isa = PBXFileReference; fileEncoding = 4; lastKnownFileType = sourcecode.c.objc; path = PascalParserTD.m; sourceTree = "<group>"; };
		FA1ED7561CEAEB410067331C /* PascalScanner.h */ = {isa = PBXFileReference; fileEncoding = 4; lastKnownFileType = sourcecode.c.h; path = PascalScanner.h; sourceTree = "<group>"; };
		FA1ED7571CEAEB410067331C /* PascalScanner.m */ = {isa = PBXFileReference; fileEncoding = 4; lastKnownFileType = sourcecode.c.objc; path = PascalScanner.m; sourceTree = "<group>"; };
		FA53077B1D175A2100305683 /* SymbolTableStack.h */ = {isa = PBXFileReference; fileEncoding = 4; lastKnownFileType = sourcecode.c.h; path = SymbolTableStack.h; sourceTree = "<group>"; };
		FA536C1E1CFBCF87003586A4 /* PascalErrorHandler.h */ = {isa = PBXFileReference; fileEncoding = 4; lastKnownFileType = sourcecode.c.h; path = PascalErrorHandler.h; sourceTree = "<group>"; };
		FA536C1F1CFBCF87003586A4 /* PascalErrorHandler.m */ = {isa = PBXFileReference; fileEncoding = 4; lastKnownFileType = sourcecode.c.objc; path = PascalErrorHandler.m; sourceTree = "<group>"; };
		FA536C211CFBD2F5003586A4 /* PascalErrorCode.h */ = {isa = PBXFileReference; fileEncoding = 4; lastKnownFileType = sourcecode.c.h; path = PascalErrorCode.h; sourceTree = "<group>"; };
		FA536C221CFBD2F5003586A4 /* PascalErrorCode.m */ = {isa = PBXFileReference; fileEncoding = 4; lastKnownFileType = sourcecode.c.objc; path = PascalErrorCode.m; sourceTree = "<group>"; };
		FAAC981B1D08DC8B006F0705 /* PascalSpecialSymbolToken.h */ = {isa = PBXFileReference; fileEncoding = 4; lastKnownFileType = sourcecode.c.h; path = PascalSpecialSymbolToken.h; sourceTree = "<group>"; };
		FAAC981C1D08DC8B006F0705 /* PascalSpecialSymbolToken.m */ = {isa = PBXFileReference; fileEncoding = 4; lastKnownFileType = sourcecode.c.objc; path = PascalSpecialSymbolToken.m; sourceTree = "<group>"; };
		FAAC981E1D08E30D006F0705 /* PascalNumberToken.h */ = {isa = PBXFileReference; fileEncoding = 4; lastKnownFileType = sourcecode.c.h; path = PascalNumberToken.h; sourceTree = "<group>"; };
		FAAC981F1D08E30D006F0705 /* PascalNumberToken.m */ = {isa = PBXFileReference; fileEncoding = 4; lastKnownFileType = sourcecode.c.objc; path = PascalNumberToken.m; sourceTree = "<group>"; };
		FACF1A551CEED0F100F8D65F /* CodeGenerator.h */ = {isa = PBXFileReference; fileEncoding = 4; lastKnownFileType = sourcecode.c.h; path = CodeGenerator.h; sourceTree = "<group>"; };
		FACF1A561CEED0F100F8D65F /* CodeGenerator.m */ = {isa = PBXFileReference; fileEncoding = 4; lastKnownFileType = sourcecode.c.objc; path = CodeGenerator.m; sourceTree = "<group>"; };
		FACF1A581CEED28700F8D65F /* Executor.h */ = {isa = PBXFileReference; fileEncoding = 4; lastKnownFileType = sourcecode.c.h; path = Executor.h; sourceTree = "<group>"; };
		FACF1A591CEED28700F8D65F /* Executor.m */ = {isa = PBXFileReference; fileEncoding = 4; lastKnownFileType = sourcecode.c.objc; path = Executor.m; sourceTree = "<group>"; };
		FACF1A5B1CEED3EC00F8D65F /* Pascal.h */ = {isa = PBXFileReference; fileEncoding = 4; lastKnownFileType = sourcecode.c.h; name = Pascal.h; path = Mak/Pascal.h; sourceTree = "<group>"; };
		FACF1A5C1CEED3EC00F8D65F /* Pascal.m */ = {isa = PBXFileReference; fileEncoding = 4; lastKnownFileType = sourcecode.c.objc; name = Pascal.m; path = Mak/Pascal.m; sourceTree = "<group>"; };
		FAD097121CE69C0C00797878 /* Mak */ = {isa = PBXFileReference; explicitFileType = "compiled.mach-o.executable"; includeInIndex = 0; path = Mak; sourceTree = BUILT_PRODUCTS_DIR; };
		FAD097151CE69C0C00797878 /* main.m */ = {isa = PBXFileReference; lastKnownFileType = sourcecode.c.objc; name = main.m; path = Mak/main.m; sourceTree = "<group>"; };
		FAD0971C1CE69C3800797878 /* Macros.h */ = {isa = PBXFileReference; lastKnownFileType = sourcecode.c.h; name = Macros.h; path = Mak/Macros.h; sourceTree = "<group>"; };
		FAD0971D1CE69CF500797878 /* Parser.h */ = {isa = PBXFileReference; fileEncoding = 4; lastKnownFileType = sourcecode.c.h; path = Parser.h; sourceTree = "<group>"; };
		FAD0971E1CE69CF500797878 /* Parser.m */ = {isa = PBXFileReference; fileEncoding = 4; lastKnownFileType = sourcecode.c.objc; path = Parser.m; sourceTree = "<group>"; };
		FAD097231CE69D9100797878 /* Scanner.h */ = {isa = PBXFileReference; fileEncoding = 4; lastKnownFileType = sourcecode.c.h; path = Scanner.h; sourceTree = "<group>"; };
		FAD097241CE69D9100797878 /* Scanner.m */ = {isa = PBXFileReference; fileEncoding = 4; lastKnownFileType = sourcecode.c.objc; path = Scanner.m; sourceTree = "<group>"; };
		FAD097291CE69E9C00797878 /* Token.h */ = {isa = PBXFileReference; fileEncoding = 4; lastKnownFileType = sourcecode.c.h; path = Token.h; sourceTree = "<group>"; };
		FAD0972A1CE69E9C00797878 /* Token.m */ = {isa = PBXFileReference; fileEncoding = 4; lastKnownFileType = sourcecode.c.objc; path = Token.m; sourceTree = "<group>"; };
		FAD0972C1CE69F2200797878 /* Source.h */ = {isa = PBXFileReference; fileEncoding = 4; lastKnownFileType = sourcecode.c.h; path = Source.h; sourceTree = "<group>"; };
		FAD0972D1CE69F2200797878 /* Source.m */ = {isa = PBXFileReference; fileEncoding = 4; lastKnownFileType = sourcecode.c.objc; path = Source.m; sourceTree = "<group>"; };
		FAD097311CE6A14D00797878 /* LineReader.h */ = {isa = PBXFileReference; fileEncoding = 4; lastKnownFileType = sourcecode.c.h; path = LineReader.h; sourceTree = "<group>"; };
		FAD097321CE6A14D00797878 /* LineReader.m */ = {isa = PBXFileReference; fileEncoding = 4; lastKnownFileType = sourcecode.c.objc; path = LineReader.m; sourceTree = "<group>"; };
		FAD097351CE6AFD800797878 /* Notes.txt */ = {isa = PBXFileReference; fileEncoding = 4; lastKnownFileType = text; name = Notes.txt; path = Mak/Notes.txt; sourceTree = "<group>"; };
		FAD097361CE6B1E700797878 /* EofToken.h */ = {isa = PBXFileReference; fileEncoding = 4; lastKnownFileType = sourcecode.c.h; path = EofToken.h; sourceTree = "<group>"; };
		FAD097371CE6B1E700797878 /* EofToken.m */ = {isa = PBXFileReference; fileEncoding = 4; lastKnownFileType = sourcecode.c.objc; path = EofToken.m; sourceTree = "<group>"; };
		FAD097391CE6B78A00797878 /* Message.h */ = {isa = PBXFileReference; fileEncoding = 4; lastKnownFileType = sourcecode.c.h; path = Message.h; sourceTree = "<group>"; };
		FAD0973A1CE6B78A00797878 /* Message.m */ = {isa = PBXFileReference; fileEncoding = 4; lastKnownFileType = sourcecode.c.objc; path = Message.m; sourceTree = "<group>"; };
		FAD0973D1CE6B8C200797878 /* Notifications.h */ = {isa = PBXFileReference; fileEncoding = 4; lastKnownFileType = sourcecode.c.h; name = Notifications.h; path = Mak/Notifications.h; sourceTree = "<group>"; };
		FAD0973E1CE6B8C200797878 /* Notifications.m */ = {isa = PBXFileReference; fileEncoding = 4; lastKnownFileType = sourcecode.c.objc; name = Notifications.m; path = Mak/Notifications.m; sourceTree = "<group>"; };
		FAD097411CEAE2D100797878 /* IntermediateCode.h */ = {isa = PBXFileReference; fileEncoding = 4; lastKnownFileType = sourcecode.c.h; path = IntermediateCode.h; sourceTree = "<group>"; };
		FAD097421CEAE2EF00797878 /* SymbolTable.h */ = {isa = PBXFileReference; fileEncoding = 4; lastKnownFileType = sourcecode.c.h; path = SymbolTable.h; sourceTree = "<group>"; };
		FAD097441CEAE46E00797878 /* Backend.h */ = {isa = PBXFileReference; fileEncoding = 4; lastKnownFileType = sourcecode.c.h; path = Backend.h; sourceTree = "<group>"; };
		FAD097451CEAE46E00797878 /* Backend.m */ = {isa = PBXFileReference; fileEncoding = 4; lastKnownFileType = sourcecode.c.objc; path = Backend.m; sourceTree = "<group>"; };
		FAFAF4601CFBFABD00D563B0 /* PascalErrorToken.h */ = {isa = PBXFileReference; fileEncoding = 4; lastKnownFileType = sourcecode.c.h; path = PascalErrorToken.h; sourceTree = "<group>"; };
		FAFAF4611CFBFABD00D563B0 /* PascalErrorToken.m */ = {isa = PBXFileReference; fileEncoding = 4; lastKnownFileType = sourcecode.c.objc; path = PascalErrorToken.m; sourceTree = "<group>"; };
		FAFAF4631CFBFBFA00D563B0 /* PascalToken.h */ = {isa = PBXFileReference; fileEncoding = 4; lastKnownFileType = sourcecode.c.h; path = PascalToken.h; sourceTree = "<group>"; };
		FAFAF4641CFBFBFA00D563B0 /* PascalToken.m */ = {isa = PBXFileReference; fileEncoding = 4; lastKnownFileType = sourcecode.c.objc; path = PascalToken.m; sourceTree = "<group>"; };
		FAFAF4671CFC06A800D563B0 /* PascalTokenType.h */ = {isa = PBXFileReference; fileEncoding = 4; lastKnownFileType = sourcecode.c.h; path = PascalTokenType.h; sourceTree = "<group>"; };
		FAFAF4681CFC06A800D563B0 /* PascalTokenType.m */ = {isa = PBXFileReference; fileEncoding = 4; lastKnownFileType = sourcecode.c.objc; path = PascalTokenType.m; sourceTree = "<group>"; };
		FAFAF46A1CFC15FA00D563B0 /* PascalWordToken.h */ = {isa = PBXFileReference; fileEncoding = 4; lastKnownFileType = sourcecode.c.h; path = PascalWordToken.h; sourceTree = "<group>"; };
		FAFAF46B1CFC15FA00D563B0 /* PascalWordToken.m */ = {isa = PBXFileReference; fileEncoding = 4; lastKnownFileType = sourcecode.c.objc; path = PascalWordToken.m; sourceTree = "<group>"; };
		FAFAF46D1CFC1C5A00D563B0 /* PascalStringToken.h */ = {isa = PBXFileReference; fileEncoding = 4; lastKnownFileType = sourcecode.c.h; path = PascalStringToken.h; sourceTree = "<group>"; };
		FAFAF46E1CFC1C5A00D563B0 /* PascalStringToken.m */ = {isa = PBXFileReference; fileEncoding = 4; lastKnownFileType = sourcecode.c.objc; path = PascalStringToken.m; sourceTree = "<group>"; };
		FAFBCBCC1D17666300C036D6 /* SymbolTableEntry.h */ = {isa = PBXFileReference; fileEncoding = 4; lastKnownFileType = sourcecode.c.h; path = SymbolTableEntry.h; sourceTree = "<group>"; };
		FAFBCBCD1D176C1100C036D6 /* SymbolTableFactory.h */ = {isa = PBXFileReference; fileEncoding = 4; lastKnownFileType = sourcecode.c.h; path = SymbolTableFactory.h; sourceTree = "<group>"; };
		FAFBCBCE1D176C1100C036D6 /* SymbolTableFactory.m */ = {isa = PBXFileReference; fileEncoding = 4; lastKnownFileType = sourcecode.c.objc; path = SymbolTableFactory.m; sourceTree = "<group>"; };
		FAFBCBD01D176FAB00C036D6 /* SymTabStack.h */ = {isa = PBXFileReference; fileEncoding = 4; lastKnownFileType = sourcecode.c.h; path = SymTabStack.h; sourceTree = "<group>"; };
		FAFBCBD11D176FAB00C036D6 /* SymTabStack.m */ = {isa = PBXFileReference; fileEncoding = 4; lastKnownFileType = sourcecode.c.objc; path = SymTabStack.m; sourceTree = "<group>"; };
		FAFBCBD31D1771C300C036D6 /* SymTab.h */ = {isa = PBXFileReference; fileEncoding = 4; lastKnownFileType = sourcecode.c.h; path = SymTab.h; sourceTree = "<group>"; };
		FAFBCBD41D1771C300C036D6 /* SymTab.m */ = {isa = PBXFileReference; fileEncoding = 4; lastKnownFileType = sourcecode.c.objc; path = SymTab.m; sourceTree = "<group>"; };
		FAFBCBD61D17756300C036D6 /* SymTabEntry.h */ = {isa = PBXFileReference; fileEncoding = 4; lastKnownFileType = sourcecode.c.h; path = SymTabEntry.h; sourceTree = "<group>"; };
		FAFBCBD71D17756300C036D6 /* SymTabEntry.m */ = {isa = PBXFileReference; fileEncoding = 4; lastKnownFileType = sourcecode.c.objc; path = SymTabEntry.m; sourceTree = "<group>"; };
		FAFBCBD91D1777A400C036D6 /* SymTabKey.h */ = {isa = PBXFileReference; fileEncoding = 4; lastKnownFileType = sourcecode.c.h; path = SymTabKey.h; sourceTree = "<group>"; };
		FAFBCBDA1D1777A400C036D6 /* SymTabKey.m */ = {isa = PBXFileReference; fileEncoding = 4; lastKnownFileType = sourcecode.c.objc; path = SymTabKey.m; sourceTree = "<group>"; };
		FAFBCBDF1D17785600C036D6 /* SymbolTableKey.h */ = {isa = PBXFileReference; fileEncoding = 4; lastKnownFileType = sourcecode.c.h; path = SymbolTableKey.h; sourceTree = "<group>"; };
		FAFBCBE01D177CC000C036D6 /* CrossReferencer.h */ = {isa = PBXFileReference; fileEncoding = 4; lastKnownFileType = sourcecode.c.h; path = CrossReferencer.h; sourceTree = "<group>"; };
		FAFBCBE11D177CC000C036D6 /* CrossReferencer.m */ = {isa = PBXFileReference; fileEncoding = 4; lastKnownFileType = sourcecode.c.objc; path = CrossReferencer.m; sourceTree = "<group>"; };
/* End PBXFileReference section */

/* Begin PBXFrameworksBuildPhase section */
		FAD0970F1CE69C0C00797878 /* Frameworks */ = {
			isa = PBXFrameworksBuildPhase;
			buildActionMask = 2147483647;
			files = (
			);
			runOnlyForDeploymentPostprocessing = 0;
		};
/* End PBXFrameworksBuildPhase section */

/* Begin PBXGroup section */
		FA1ED7511CEAE8760067331C /* Frontend */ = {
			isa = PBXGroup;
			children = (
				FAD097361CE6B1E700797878 /* EofToken.h */,
				FAD097371CE6B1E700797878 /* EofToken.m */,
				FAD097311CE6A14D00797878 /* LineReader.h */,
				FAD097321CE6A14D00797878 /* LineReader.m */,
				FAD097391CE6B78A00797878 /* Message.h */,
				FAD0973A1CE6B78A00797878 /* Message.m */,
				FAD0971D1CE69CF500797878 /* Parser.h */,
				FAD0971E1CE69CF500797878 /* Parser.m */,
				FAD097231CE69D9100797878 /* Scanner.h */,
				FAD097241CE69D9100797878 /* Scanner.m */,
				FAD0972C1CE69F2200797878 /* Source.h */,
				FAD0972D1CE69F2200797878 /* Source.m */,
				FAD097291CE69E9C00797878 /* Token.h */,
				FAD0972A1CE69E9C00797878 /* Token.m */,
				FA1ED7521CEAE8990067331C /* Pascal */,
			);
			name = Frontend;
			sourceTree = "<group>";
		};
		FA1ED7521CEAE8990067331C /* Pascal */ = {
			isa = PBXGroup;
			children = (
				FA1ED7531CEAE8E30067331C /* PascalParserTD.h */,
				FA1ED7541CEAE8E30067331C /* PascalParserTD.m */,
				FA1ED7561CEAEB410067331C /* PascalScanner.h */,
				FA1ED7571CEAEB410067331C /* PascalScanner.m */,
				FA536C1E1CFBCF87003586A4 /* PascalErrorHandler.h */,
				FA536C1F1CFBCF87003586A4 /* PascalErrorHandler.m */,
				FA536C211CFBD2F5003586A4 /* PascalErrorCode.h */,
				FA536C221CFBD2F5003586A4 /* PascalErrorCode.m */,
				FAFAF4601CFBFABD00D563B0 /* PascalErrorToken.h */,
				FAFAF4611CFBFABD00D563B0 /* PascalErrorToken.m */,
				FAFAF4631CFBFBFA00D563B0 /* PascalToken.h */,
				FAFAF4641CFBFBFA00D563B0 /* PascalToken.m */,
				FAFAF4671CFC06A800D563B0 /* PascalTokenType.h */,
				FAFAF4681CFC06A800D563B0 /* PascalTokenType.m */,
				FAFAF46A1CFC15FA00D563B0 /* PascalWordToken.h */,
				FAFAF46B1CFC15FA00D563B0 /* PascalWordToken.m */,
				FAFAF46D1CFC1C5A00D563B0 /* PascalStringToken.h */,
				FAFAF46E1CFC1C5A00D563B0 /* PascalStringToken.m */,
				FAAC981B1D08DC8B006F0705 /* PascalSpecialSymbolToken.h */,
				FAAC981C1D08DC8B006F0705 /* PascalSpecialSymbolToken.m */,
				FAAC981E1D08E30D006F0705 /* PascalNumberToken.h */,
				FAAC981F1D08E30D006F0705 /* PascalNumberToken.m */,
			);
			name = Pascal;
			sourceTree = "<group>";
		};
		FA53077A1D175A0900305683 /* Intermediate */ = {
			isa = PBXGroup;
			children = (
				FAD097411CEAE2D100797878 /* IntermediateCode.h */,
				FAD097421CEAE2EF00797878 /* SymbolTable.h */,
				FAFBCBCC1D17666300C036D6 /* SymbolTableEntry.h */,
				FAFBCBCD1D176C1100C036D6 /* SymbolTableFactory.h */,
				FAFBCBCE1D176C1100C036D6 /* SymbolTableFactory.m */,
				FAFBCBDF1D17785600C036D6 /* SymbolTableKey.h */,
				FA53077B1D175A2100305683 /* SymbolTableStack.h */,
				FAFBCBD31D1771C300C036D6 /* SymTab.h */,
				FAFBCBD41D1771C300C036D6 /* SymTab.m */,
				FAFBCBD61D17756300C036D6 /* SymTabEntry.h */,
				FAFBCBD71D17756300C036D6 /* SymTabEntry.m */,
				FAFBCBD91D1777A400C036D6 /* SymTabKey.h */,
				FAFBCBDA1D1777A400C036D6 /* SymTabKey.m */,
				FAFBCBD01D176FAB00C036D6 /* SymTabStack.h */,
				FAFBCBD11D176FAB00C036D6 /* SymTabStack.m */,
				FAFBCBE01D177CC000C036D6 /* CrossReferencer.h */,
				FAFBCBE11D177CC000C036D6 /* CrossReferencer.m */,
			);
			name = Intermediate;
			sourceTree = "<group>";
		};
		FACF1A531CEED08E00F8D65F /* Compiler */ = {
			isa = PBXGroup;
			children = (
				FACF1A551CEED0F100F8D65F /* CodeGenerator.h */,
				FACF1A561CEED0F100F8D65F /* CodeGenerator.m */,
			);
			name = Compiler;
			sourceTree = "<group>";
		};
		FACF1A541CEED09400F8D65F /* Interpreter */ = {
			isa = PBXGroup;
			children = (
				FACF1A581CEED28700F8D65F /* Executor.h */,
				FACF1A591CEED28700F8D65F /* Executor.m */,
			);
			name = Interpreter;
			sourceTree = "<group>";
		};
		FAD097091CE69C0C00797878 = {
			isa = PBXGroup;
			children = (
				FAD097351CE6AFD800797878 /* Notes.txt */,
				FAD0973D1CE6B8C200797878 /* Notifications.h */,
				FAD0973E1CE6B8C200797878 /* Notifications.m */,
				FAD0971C1CE69C3800797878 /* Macros.h */,
				FAD097151CE69C0C00797878 /* main.m */,
				FACF1A5B1CEED3EC00F8D65F /* Pascal.h */,
				FACF1A5C1CEED3EC00F8D65F /* Pascal.m */,
				FAD097141CE69C0C00797878 /* Mak */,
				FAD097131CE69C0C00797878 /* Products */,
			);
			sourceTree = "<group>";
		};
		FAD097131CE69C0C00797878 /* Products */ = {
			isa = PBXGroup;
			children = (
				FAD097121CE69C0C00797878 /* Mak */,
			);
			name = Products;
			sourceTree = "<group>";
		};
		FAD097141CE69C0C00797878 /* Mak */ = {
			isa = PBXGroup;
			children = (
				FA53077A1D175A0900305683 /* Intermediate */,
				FA1ED7511CEAE8760067331C /* Frontend */,
				FAD097431CEAE45A00797878 /* Backend */,
			);
			path = Mak;
			sourceTree = "<group>";
		};
		FAD097431CEAE45A00797878 /* Backend */ = {
			isa = PBXGroup;
			children = (
				FACF1A541CEED09400F8D65F /* Interpreter */,
				FACF1A531CEED08E00F8D65F /* Compiler */,
				FAD097441CEAE46E00797878 /* Backend.h */,
				FAD097451CEAE46E00797878 /* Backend.m */,
			);
			name = Backend;
			sourceTree = "<group>";
		};
/* End PBXGroup section */

/* Begin PBXNativeTarget section */
		FAD097111CE69C0C00797878 /* Mak */ = {
			isa = PBXNativeTarget;
			buildConfigurationList = FAD097191CE69C0C00797878 /* Build configuration list for PBXNativeTarget "Mak" */;
			buildPhases = (
				FAD0970E1CE69C0C00797878 /* Sources */,
				FAD0970F1CE69C0C00797878 /* Frameworks */,
				FAD097101CE69C0C00797878 /* CopyFiles */,
			);
			buildRules = (
			);
			dependencies = (
			);
			name = Mak;
			productName = Mak;
			productReference = FAD097121CE69C0C00797878 /* Mak */;
			productType = "com.apple.product-type.tool";
		};
/* End PBXNativeTarget section */

/* Begin PBXProject section */
		FAD0970A1CE69C0C00797878 /* Project object */ = {
			isa = PBXProject;
			attributes = {
				LastUpgradeCheck = 0730;
				ORGANIZATIONNAME = restrepo;
				TargetAttributes = {
					FAD097111CE69C0C00797878 = {
						CreatedOnToolsVersion = 7.3;
					};
				};
			};
			buildConfigurationList = FAD0970D1CE69C0C00797878 /* Build configuration list for PBXProject "Mak" */;
			compatibilityVersion = "Xcode 3.2";
			developmentRegion = English;
			hasScannedForEncodings = 0;
			knownRegions = (
				en,
			);
			mainGroup = FAD097091CE69C0C00797878;
			productRefGroup = FAD097131CE69C0C00797878 /* Products */;
			projectDirPath = "";
			projectRoot = "";
			targets = (
				FAD097111CE69C0C00797878 /* Mak */,
			);
		};
/* End PBXProject section */

/* Begin PBXSourcesBuildPhase section */
		FAD0970E1CE69C0C00797878 /* Sources */ = {
			isa = PBXSourcesBuildPhase;
			buildActionMask = 2147483647;
			files = (
				FAFBCBD21D176FAB00C036D6 /* SymTabStack.m in Sources */,
				FAFAF46C1CFC15FA00D563B0 /* PascalWordToken.m in Sources */,
				FAFBCBD81D17756300C036D6 /* SymTabEntry.m in Sources */,
				FAD097461CEAE46E00797878 /* Backend.m in Sources */,
				FAAC981D1D08DC8B006F0705 /* PascalSpecialSymbolToken.m in Sources */,
				FAD097381CE6B1E700797878 /* EofToken.m in Sources */,
				FACF1A571CEED0F100F8D65F /* CodeGenerator.m in Sources */,
				FA536C231CFBD2F5003586A4 /* PascalErrorCode.m in Sources */,
				FAFBCBD51D1771C300C036D6 /* SymTab.m in Sources */,
				FAD097331CE6A14D00797878 /* LineReader.m in Sources */,
				FA1ED7551CEAE8E30067331C /* PascalParserTD.m in Sources */,
				FAFAF4621CFBFABD00D563B0 /* PascalErrorToken.m in Sources */,
				FA1ED7581CEAEB410067331C /* PascalScanner.m in Sources */,
				FAFBCBCF1D176C1100C036D6 /* SymbolTableFactory.m in Sources */,
				FAD0972E1CE69F2200797878 /* Source.m in Sources */,
				FAFAF46F1CFC1C5A00D563B0 /* PascalStringToken.m in Sources */,
				FAD0971F1CE69CF500797878 /* Parser.m in Sources */,
				FAD0973F1CE6B8C200797878 /* Notifications.m in Sources */,
				FAD0972B1CE69E9C00797878 /* Token.m in Sources */,
				FAFBCBDB1D1777A400C036D6 /* SymTabKey.m in Sources */,
				FAD0973B1CE6B78A00797878 /* Message.m in Sources */,
				FA536C201CFBCF87003586A4 /* PascalErrorHandler.m in Sources */,
				FAD097251CE69D9100797878 /* Scanner.m in Sources */,
				FACF1A5D1CEED3EC00F8D65F /* Pascal.m in Sources */,
				FAFAF4651CFBFBFA00D563B0 /* PascalToken.m in Sources */,
				FAAC98201D08E30D006F0705 /* PascalNumberToken.m in Sources */,
				FACF1A5A1CEED28700F8D65F /* Executor.m in Sources */,
				FAFBCBE21D177CC000C036D6 /* CrossReferencer.m in Sources */,
				FAD097161CE69C0C00797878 /* main.m in Sources */,
				FAFAF4691CFC06A800D563B0 /* PascalTokenType.m in Sources */,
			);
			runOnlyForDeploymentPostprocessing = 0;
		};
/* End PBXSourcesBuildPhase section */

/* Begin XCBuildConfiguration section */
		FAD097171CE69C0C00797878 /* Debug */ = {
			isa = XCBuildConfiguration;
			buildSettings = {
				ALWAYS_SEARCH_USER_PATHS = NO;
				CLANG_ANALYZER_NONNULL = YES;
				CLANG_CXX_LANGUAGE_STANDARD = "gnu++0x";
				CLANG_CXX_LIBRARY = "libc++";
				CLANG_ENABLE_MODULES = YES;
				CLANG_ENABLE_OBJC_ARC = YES;
				CLANG_WARN_BOOL_CONVERSION = YES;
				CLANG_WARN_CONSTANT_CONVERSION = YES;
				CLANG_WARN_DIRECT_OBJC_ISA_USAGE = YES_ERROR;
				CLANG_WARN_EMPTY_BODY = YES;
				CLANG_WARN_ENUM_CONVERSION = YES;
				CLANG_WARN_INT_CONVERSION = YES;
				CLANG_WARN_OBJC_ROOT_CLASS = YES_ERROR;
				CLANG_WARN_UNREACHABLE_CODE = YES;
				CLANG_WARN__DUPLICATE_METHOD_MATCH = YES;
				CODE_SIGN_IDENTITY = "-";
				COPY_PHASE_STRIP = NO;
				DEBUG_INFORMATION_FORMAT = dwarf;
				ENABLE_STRICT_OBJC_MSGSEND = YES;
				ENABLE_TESTABILITY = YES;
				GCC_C_LANGUAGE_STANDARD = gnu99;
				GCC_DYNAMIC_NO_PIC = NO;
				GCC_NO_COMMON_BLOCKS = YES;
				GCC_OPTIMIZATION_LEVEL = 0;
				GCC_PREPROCESSOR_DEFINITIONS = (
					"DEBUG=1",
					"$(inherited)",
				);
				GCC_WARN_64_TO_32_BIT_CONVERSION = YES;
				GCC_WARN_ABOUT_RETURN_TYPE = YES_ERROR;
				GCC_WARN_UNDECLARED_SELECTOR = YES;
				GCC_WARN_UNINITIALIZED_AUTOS = YES_AGGRESSIVE;
				GCC_WARN_UNUSED_FUNCTION = YES;
				GCC_WARN_UNUSED_VARIABLE = YES;
				MACOSX_DEPLOYMENT_TARGET = 10.11;
				MTL_ENABLE_DEBUG_INFO = YES;
				ONLY_ACTIVE_ARCH = YES;
				SDKROOT = macosx;
			};
			name = Debug;
		};
		FAD097181CE69C0C00797878 /* Release */ = {
			isa = XCBuildConfiguration;
			buildSettings = {
				ALWAYS_SEARCH_USER_PATHS = NO;
				CLANG_ANALYZER_NONNULL = YES;
				CLANG_CXX_LANGUAGE_STANDARD = "gnu++0x";
				CLANG_CXX_LIBRARY = "libc++";
				CLANG_ENABLE_MODULES = YES;
				CLANG_ENABLE_OBJC_ARC = YES;
				CLANG_WARN_BOOL_CONVERSION = YES;
				CLANG_WARN_CONSTANT_CONVERSION = YES;
				CLANG_WARN_DIRECT_OBJC_ISA_USAGE = YES_ERROR;
				CLANG_WARN_EMPTY_BODY = YES;
				CLANG_WARN_ENUM_CONVERSION = YES;
				CLANG_WARN_INT_CONVERSION = YES;
				CLANG_WARN_OBJC_ROOT_CLASS = YES_ERROR;
				CLANG_WARN_UNREACHABLE_CODE = YES;
				CLANG_WARN__DUPLICATE_METHOD_MATCH = YES;
				CODE_SIGN_IDENTITY = "-";
				COPY_PHASE_STRIP = NO;
				DEBUG_INFORMATION_FORMAT = "dwarf-with-dsym";
				ENABLE_NS_ASSERTIONS = NO;
				ENABLE_STRICT_OBJC_MSGSEND = YES;
				GCC_C_LANGUAGE_STANDARD = gnu99;
				GCC_NO_COMMON_BLOCKS = YES;
				GCC_WARN_64_TO_32_BIT_CONVERSION = YES;
				GCC_WARN_ABOUT_RETURN_TYPE = YES_ERROR;
				GCC_WARN_UNDECLARED_SELECTOR = YES;
				GCC_WARN_UNINITIALIZED_AUTOS = YES_AGGRESSIVE;
				GCC_WARN_UNUSED_FUNCTION = YES;
				GCC_WARN_UNUSED_VARIABLE = YES;
				MACOSX_DEPLOYMENT_TARGET = 10.11;
				MTL_ENABLE_DEBUG_INFO = NO;
				SDKROOT = macosx;
			};
			name = Release;
		};
		FAD0971A1CE69C0C00797878 /* Debug */ = {
			isa = XCBuildConfiguration;
			buildSettings = {
				PRODUCT_NAME = "$(TARGET_NAME)";
			};
			name = Debug;
		};
		FAD0971B1CE69C0C00797878 /* Release */ = {
			isa = XCBuildConfiguration;
			buildSettings = {
				PRODUCT_NAME = "$(TARGET_NAME)";
			};
			name = Release;
		};
/* End XCBuildConfiguration section */

/* Begin XCConfigurationList section */
		FAD0970D1CE69C0C00797878 /* Build configuration list for PBXProject "Mak" */ = {
			isa = XCConfigurationList;
			buildConfigurations = (
				FAD097171CE69C0C00797878 /* Debug */,
				FAD097181CE69C0C00797878 /* Release */,
			);
			defaultConfigurationIsVisible = 0;
			defaultConfigurationName = Release;
		};
		FAD097191CE69C0C00797878 /* Build configuration list for PBXNativeTarget "Mak" */ = {
			isa = XCConfigurationList;
			buildConfigurations = (
				FAD0971A1CE69C0C00797878 /* Debug */,
				FAD0971B1CE69C0C00797878 /* Release */,
			);
			defaultConfigurationIsVisible = 0;
			defaultConfigurationName = Release;
		};
/* End XCConfigurationList section */
	};
	rootObject = FAD0970A1CE69C0C00797878 /* Project object */;
}
