// !$*UTF8*$!
{
	archiveVersion = 1;
	classes = {
	};
	objectVersion = 46;
	objects = {

/* Begin PBXBuildFile section */
		FA017DAB1D4974E8000C5759 /* SimpleTypeParser.m in Sources */ = {isa = PBXBuildFile; fileRef = FA017DAA1D4974E8000C5759 /* SimpleTypeParser.m */; };
		FA017DAE1D497648000C5759 /* ArrayTypeParser.m in Sources */ = {isa = PBXBuildFile; fileRef = FA017DAD1D497648000C5759 /* ArrayTypeParser.m */; };
		FA017DB11D49765C000C5759 /* RecordTypeParser.m in Sources */ = {isa = PBXBuildFile; fileRef = FA017DB01D49765C000C5759 /* RecordTypeParser.m */; };
		FA017DB41D4979CB000C5759 /* SubrangeTypeParser.m in Sources */ = {isa = PBXBuildFile; fileRef = FA017DB31D4979CB000C5759 /* SubrangeTypeParser.m */; };
		FA017DB71D497AA2000C5759 /* EnumerationTypeParser.m in Sources */ = {isa = PBXBuildFile; fileRef = FA017DB61D497AA2000C5759 /* EnumerationTypeParser.m */; };
		FA01DA8D1D2D8C7C00FEF775 /* RepeatStatementParser.m in Sources */ = {isa = PBXBuildFile; fileRef = FA01DA8C1D2D8C7C00FEF775 /* RepeatStatementParser.m */; };
		FA01DA901D2D8C8600FEF775 /* WhileStatementParser.m in Sources */ = {isa = PBXBuildFile; fileRef = FA01DA8F1D2D8C8600FEF775 /* WhileStatementParser.m */; };
		FA01DA931D2D8C8F00FEF775 /* ForStatementParser.m in Sources */ = {isa = PBXBuildFile; fileRef = FA01DA921D2D8C8F00FEF775 /* ForStatementParser.m */; };
		FA01DA961D2D8C9700FEF775 /* IfStatementParser.m in Sources */ = {isa = PBXBuildFile; fileRef = FA01DA951D2D8C9700FEF775 /* IfStatementParser.m */; };
		FA01DA991D2D8C9F00FEF775 /* CaseStatementParser.m in Sources */ = {isa = PBXBuildFile; fileRef = FA01DA981D2D8C9F00FEF775 /* CaseStatementParser.m */; };
		FA1ED7551CEAE8E30067331C /* PascalParserTD.m in Sources */ = {isa = PBXBuildFile; fileRef = FA1ED7541CEAE8E30067331C /* PascalParserTD.m */; };
		FA1ED7581CEAEB410067331C /* PascalScanner.m in Sources */ = {isa = PBXBuildFile; fileRef = FA1ED7571CEAEB410067331C /* PascalScanner.m */; };
		FA32C47F1D4026200069F90A /* TypeFactory.m in Sources */ = {isa = PBXBuildFile; fileRef = FA32C47E1D4026200069F90A /* TypeFactory.m */; };
		FA32C4831D42CF110069F90A /* DefinitionImpl.m in Sources */ = {isa = PBXBuildFile; fileRef = FA32C4821D42CF110069F90A /* DefinitionImpl.m */; };
		FA32C4861D42EC070069F90A /* BlockParser.m in Sources */ = {isa = PBXBuildFile; fileRef = FA32C4851D42EC070069F90A /* BlockParser.m */; };
		FA32C4891D42EEAD0069F90A /* DeclarationsParser.m in Sources */ = {isa = PBXBuildFile; fileRef = FA32C4881D42EEAD0069F90A /* DeclarationsParser.m */; };
		FA32C48C1D459F4D0069F90A /* ConstantDefinitionsParser.m in Sources */ = {isa = PBXBuildFile; fileRef = FA32C48B1D459F4D0069F90A /* ConstantDefinitionsParser.m */; };
		FA32C48F1D45A1730069F90A /* TypeDefinitionsParser.m in Sources */ = {isa = PBXBuildFile; fileRef = FA32C48E1D45A1730069F90A /* TypeDefinitionsParser.m */; };
		FA32C4921D45A1B90069F90A /* VariableDeclarationsParser.m in Sources */ = {isa = PBXBuildFile; fileRef = FA32C4911D45A1B90069F90A /* VariableDeclarationsParser.m */; };
		FA32C4951D45C32A0069F90A /* TypeSpecificationParser.m in Sources */ = {isa = PBXBuildFile; fileRef = FA32C4941D45C32A0069F90A /* TypeSpecificationParser.m */; };
		FA536C201CFBCF87003586A4 /* PascalErrorHandler.m in Sources */ = {isa = PBXBuildFile; fileRef = FA536C1F1CFBCF87003586A4 /* PascalErrorHandler.m */; };
		FA536C231CFBD2F5003586A4 /* PascalErrorCode.m in Sources */ = {isa = PBXBuildFile; fileRef = FA536C221CFBD2F5003586A4 /* PascalErrorCode.m */; };
		FA5D4DD61D3F13F900147436 /* TypeFormImpl.m in Sources */ = {isa = PBXBuildFile; fileRef = FA5D4DD51D3F13F900147436 /* TypeFormImpl.m */; };
		FA5D4DD91D3F165100147436 /* TypeKeyImpl.m in Sources */ = {isa = PBXBuildFile; fileRef = FA5D4DD81D3F165100147436 /* TypeKeyImpl.m */; };
		FA5D4DDC1D3F186100147436 /* TypeSpecImpl.m in Sources */ = {isa = PBXBuildFile; fileRef = FA5D4DDB1D3F186100147436 /* TypeSpecImpl.m */; };
		FA5D4DDF1D3F47A200147436 /* Predefined.m in Sources */ = {isa = PBXBuildFile; fileRef = FA5D4DDE1D3F47A200147436 /* Predefined.m */; };
		FA60F7B71DAF581A00546567 /* TypeChecker.m in Sources */ = {isa = PBXBuildFile; fileRef = FA60F7B61DAF581A00546567 /* TypeChecker.m */; };
		FA9F2B771D3C45940014056E /* LoopExecutor.m in Sources */ = {isa = PBXBuildFile; fileRef = FA9F2B761D3C45940014056E /* LoopExecutor.m */; };
		FA9F2B7A1D3C45A30014056E /* IfExecutor.m in Sources */ = {isa = PBXBuildFile; fileRef = FA9F2B791D3C45A30014056E /* IfExecutor.m */; };
		FA9F2B7D1D3C45AB0014056E /* SelectExecutor.m in Sources */ = {isa = PBXBuildFile; fileRef = FA9F2B7C1D3C45AB0014056E /* SelectExecutor.m */; };
		FAA036001D24AE8F00BEE571 /* IntermediateCodeFactory.m in Sources */ = {isa = PBXBuildFile; fileRef = FAA035FF1D24AE8F00BEE571 /* IntermediateCodeFactory.m */; };
		FAA036031D24AFCD00BEE571 /* IntermediateCodeImp.m in Sources */ = {isa = PBXBuildFile; fileRef = FAA036021D24AFCD00BEE571 /* IntermediateCodeImp.m */; };
		FAA036061D24AFDF00BEE571 /* IntermediateCodeNodeImp.m in Sources */ = {isa = PBXBuildFile; fileRef = FAA036051D24AFDF00BEE571 /* IntermediateCodeNodeImp.m */; };
		FAA036091D24BCA700BEE571 /* IntermediateCodeNodeTypeImp.m in Sources */ = {isa = PBXBuildFile; fileRef = FAA036081D24BCA700BEE571 /* IntermediateCodeNodeTypeImp.m */; };
		FAA0360C1D24BFC700BEE571 /* IntermediateCodeKeyImp.m in Sources */ = {isa = PBXBuildFile; fileRef = FAA0360B1D24BFC700BEE571 /* IntermediateCodeKeyImp.m */; };
		FAA0360F1D24C43B00BEE571 /* ParseTreePrinter.m in Sources */ = {isa = PBXBuildFile; fileRef = FAA0360E1D24C43B00BEE571 /* ParseTreePrinter.m */; };
		FAA036121D24DE7900BEE571 /* StatementParser.m in Sources */ = {isa = PBXBuildFile; fileRef = FAA036111D24DE7900BEE571 /* StatementParser.m */; };
		FAA036151D24E2D000BEE571 /* AssignmentStatementParser.m in Sources */ = {isa = PBXBuildFile; fileRef = FAA036141D24E2D000BEE571 /* AssignmentStatementParser.m */; };
		FAA036181D24E2E200BEE571 /* CompoundStatementParser.m in Sources */ = {isa = PBXBuildFile; fileRef = FAA036171D24E2E200BEE571 /* CompoundStatementParser.m */; };
		FAA0361C1D25931900BEE571 /* ExpressionParser.m in Sources */ = {isa = PBXBuildFile; fileRef = FAA0361B1D25931900BEE571 /* ExpressionParser.m */; };
		FAA036221D25E8BC00BEE571 /* RuntimeErrorHandler.m in Sources */ = {isa = PBXBuildFile; fileRef = FAA036211D25E8BC00BEE571 /* RuntimeErrorHandler.m */; };
		FAA036251D25E96F00BEE571 /* RuntimeErrorCode.m in Sources */ = {isa = PBXBuildFile; fileRef = FAA036241D25E96F00BEE571 /* RuntimeErrorCode.m */; };
		FAA036291D25F24100BEE571 /* StatementExecutor.m in Sources */ = {isa = PBXBuildFile; fileRef = FAA036281D25F24100BEE571 /* StatementExecutor.m */; };
		FAA0362C1D25FD1C00BEE571 /* CompoundExecutor.m in Sources */ = {isa = PBXBuildFile; fileRef = FAA0362B1D25FD1C00BEE571 /* CompoundExecutor.m */; };
		FAA0362F1D25FDA300BEE571 /* AssignmentExecutor.m in Sources */ = {isa = PBXBuildFile; fileRef = FAA0362E1D25FDA300BEE571 /* AssignmentExecutor.m */; };
		FAA036321D26034000BEE571 /* ExpressionExecutor.m in Sources */ = {isa = PBXBuildFile; fileRef = FAA036311D26034000BEE571 /* ExpressionExecutor.m */; };
		FAAC981D1D08DC8B006F0705 /* PascalSpecialSymbolToken.m in Sources */ = {isa = PBXBuildFile; fileRef = FAAC981C1D08DC8B006F0705 /* PascalSpecialSymbolToken.m */; };
		FAAC98201D08E30D006F0705 /* PascalNumberToken.m in Sources */ = {isa = PBXBuildFile; fileRef = FAAC981F1D08E30D006F0705 /* PascalNumberToken.m */; };
		FAC252DD1D27374A00E6E0FB /* NSNumber+Type.m in Sources */ = {isa = PBXBuildFile; fileRef = FAC252DC1D27374A00E6E0FB /* NSNumber+Type.m */; };
		FACF1A571CEED0F100F8D65F /* CodeGenerator.m in Sources */ = {isa = PBXBuildFile; fileRef = FACF1A561CEED0F100F8D65F /* CodeGenerator.m */; };
		FACF1A5A1CEED28700F8D65F /* Executor.m in Sources */ = {isa = PBXBuildFile; fileRef = FACF1A591CEED28700F8D65F /* Executor.m */; };
		FACF1A5D1CEED3EC00F8D65F /* Pascal.m in Sources */ = {isa = PBXBuildFile; fileRef = FACF1A5C1CEED3EC00F8D65F /* Pascal.m */; };
		FAD097161CE69C0C00797878 /* main.m in Sources */ = {isa = PBXBuildFile; fileRef = FAD097151CE69C0C00797878 /* main.m */; };
		FAD0971F1CE69CF500797878 /* Parser.m in Sources */ = {isa = PBXBuildFile; fileRef = FAD0971E1CE69CF500797878 /* Parser.m */; };
		FAD097251CE69D9100797878 /* Scanner.m in Sources */ = {isa = PBXBuildFile; fileRef = FAD097241CE69D9100797878 /* Scanner.m */; };
		FAD0972B1CE69E9C00797878 /* Token.m in Sources */ = {isa = PBXBuildFile; fileRef = FAD0972A1CE69E9C00797878 /* Token.m */; };
		FAD0972E1CE69F2200797878 /* Source.m in Sources */ = {isa = PBXBuildFile; fileRef = FAD0972D1CE69F2200797878 /* Source.m */; };
		FAD097331CE6A14D00797878 /* LineReader.m in Sources */ = {isa = PBXBuildFile; fileRef = FAD097321CE6A14D00797878 /* LineReader.m */; };
		FAD097381CE6B1E700797878 /* EofToken.m in Sources */ = {isa = PBXBuildFile; fileRef = FAD097371CE6B1E700797878 /* EofToken.m */; };
		FAD0973B1CE6B78A00797878 /* Message.m in Sources */ = {isa = PBXBuildFile; fileRef = FAD0973A1CE6B78A00797878 /* Message.m */; };
		FAD0973F1CE6B8C200797878 /* Notifications.m in Sources */ = {isa = PBXBuildFile; fileRef = FAD0973E1CE6B8C200797878 /* Notifications.m */; };
		FAD097461CEAE46E00797878 /* Backend.m in Sources */ = {isa = PBXBuildFile; fileRef = FAD097451CEAE46E00797878 /* Backend.m */; };
		FAD98FAD1DB454D100BF7075 /* VariableParser.m in Sources */ = {isa = PBXBuildFile; fileRef = FAD98FAC1DB454D100BF7075 /* VariableParser.m */; };
		FAFAF4621CFBFABD00D563B0 /* PascalErrorToken.m in Sources */ = {isa = PBXBuildFile; fileRef = FAFAF4611CFBFABD00D563B0 /* PascalErrorToken.m */; };
		FAFAF4651CFBFBFA00D563B0 /* PascalToken.m in Sources */ = {isa = PBXBuildFile; fileRef = FAFAF4641CFBFBFA00D563B0 /* PascalToken.m */; };
		FAFAF4691CFC06A800D563B0 /* PascalTokenType.m in Sources */ = {isa = PBXBuildFile; fileRef = FAFAF4681CFC06A800D563B0 /* PascalTokenType.m */; };
		FAFAF46C1CFC15FA00D563B0 /* PascalWordToken.m in Sources */ = {isa = PBXBuildFile; fileRef = FAFAF46B1CFC15FA00D563B0 /* PascalWordToken.m */; };
		FAFAF46F1CFC1C5A00D563B0 /* PascalStringToken.m in Sources */ = {isa = PBXBuildFile; fileRef = FAFAF46E1CFC1C5A00D563B0 /* PascalStringToken.m */; };
		FAFBCBCF1D176C1100C036D6 /* SymbolTableFactory.m in Sources */ = {isa = PBXBuildFile; fileRef = FAFBCBCE1D176C1100C036D6 /* SymbolTableFactory.m */; };
		FAFBCBD21D176FAB00C036D6 /* SymTabStack.m in Sources */ = {isa = PBXBuildFile; fileRef = FAFBCBD11D176FAB00C036D6 /* SymTabStack.m */; };
		FAFBCBD51D1771C300C036D6 /* SymTab.m in Sources */ = {isa = PBXBuildFile; fileRef = FAFBCBD41D1771C300C036D6 /* SymTab.m */; };
		FAFBCBD81D17756300C036D6 /* SymTabEntry.m in Sources */ = {isa = PBXBuildFile; fileRef = FAFBCBD71D17756300C036D6 /* SymTabEntry.m */; };
		FAFBCBDB1D1777A400C036D6 /* SymTabKey.m in Sources */ = {isa = PBXBuildFile; fileRef = FAFBCBDA1D1777A400C036D6 /* SymTabKey.m */; };
		FAFBCBE21D177CC000C036D6 /* CrossReferencer.m in Sources */ = {isa = PBXBuildFile; fileRef = FAFBCBE11D177CC000C036D6 /* CrossReferencer.m */; };
/* End PBXBuildFile section */

/* Begin PBXCopyFilesBuildPhase section */
		FAD097101CE69C0C00797878 /* CopyFiles */ = {
			isa = PBXCopyFilesBuildPhase;
			buildActionMask = 2147483647;
			dstPath = /usr/share/man/man1/;
			dstSubfolderSpec = 0;
			files = (
			);
			runOnlyForDeploymentPostprocessing = 1;
		};
/* End PBXCopyFilesBuildPhase section */

/* Begin PBXFileReference section */
		FA017DA91D4974E8000C5759 /* SimpleTypeParser.h */ = {isa = PBXFileReference; fileEncoding = 4; lastKnownFileType = sourcecode.c.h; path = SimpleTypeParser.h; sourceTree = "<group>"; };
		FA017DAA1D4974E8000C5759 /* SimpleTypeParser.m */ = {isa = PBXFileReference; fileEncoding = 4; lastKnownFileType = sourcecode.c.objc; path = SimpleTypeParser.m; sourceTree = "<group>"; };
		FA017DAC1D497648000C5759 /* ArrayTypeParser.h */ = {isa = PBXFileReference; fileEncoding = 4; lastKnownFileType = sourcecode.c.h; path = ArrayTypeParser.h; sourceTree = "<group>"; };
		FA017DAD1D497648000C5759 /* ArrayTypeParser.m */ = {isa = PBXFileReference; fileEncoding = 4; lastKnownFileType = sourcecode.c.objc; path = ArrayTypeParser.m; sourceTree = "<group>"; };
		FA017DAF1D49765C000C5759 /* RecordTypeParser.h */ = {isa = PBXFileReference; fileEncoding = 4; lastKnownFileType = sourcecode.c.h; path = RecordTypeParser.h; sourceTree = "<group>"; };
		FA017DB01D49765C000C5759 /* RecordTypeParser.m */ = {isa = PBXFileReference; fileEncoding = 4; lastKnownFileType = sourcecode.c.objc; path = RecordTypeParser.m; sourceTree = "<group>"; };
		FA017DB21D4979CB000C5759 /* SubrangeTypeParser.h */ = {isa = PBXFileReference; fileEncoding = 4; lastKnownFileType = sourcecode.c.h; path = SubrangeTypeParser.h; sourceTree = "<group>"; };
		FA017DB31D4979CB000C5759 /* SubrangeTypeParser.m */ = {isa = PBXFileReference; fileEncoding = 4; lastKnownFileType = sourcecode.c.objc; path = SubrangeTypeParser.m; sourceTree = "<group>"; };
		FA017DB51D497AA2000C5759 /* EnumerationTypeParser.h */ = {isa = PBXFileReference; fileEncoding = 4; lastKnownFileType = sourcecode.c.h; path = EnumerationTypeParser.h; sourceTree = "<group>"; };
		FA017DB61D497AA2000C5759 /* EnumerationTypeParser.m */ = {isa = PBXFileReference; fileEncoding = 4; lastKnownFileType = sourcecode.c.objc; path = EnumerationTypeParser.m; sourceTree = "<group>"; };
		FA01DA8B1D2D8C7C00FEF775 /* RepeatStatementParser.h */ = {isa = PBXFileReference; fileEncoding = 4; lastKnownFileType = sourcecode.c.h; path = RepeatStatementParser.h; sourceTree = "<group>"; };
		FA01DA8C1D2D8C7C00FEF775 /* RepeatStatementParser.m */ = {isa = PBXFileReference; fileEncoding = 4; lastKnownFileType = sourcecode.c.objc; path = RepeatStatementParser.m; sourceTree = "<group>"; };
		FA01DA8E1D2D8C8600FEF775 /* WhileStatementParser.h */ = {isa = PBXFileReference; fileEncoding = 4; lastKnownFileType = sourcecode.c.h; path = WhileStatementParser.h; sourceTree = "<group>"; };
		FA01DA8F1D2D8C8600FEF775 /* WhileStatementParser.m */ = {isa = PBXFileReference; fileEncoding = 4; lastKnownFileType = sourcecode.c.objc; path = WhileStatementParser.m; sourceTree = "<group>"; };
		FA01DA911D2D8C8F00FEF775 /* ForStatementParser.h */ = {isa = PBXFileReference; fileEncoding = 4; lastKnownFileType = sourcecode.c.h; path = ForStatementParser.h; sourceTree = "<group>"; };
		FA01DA921D2D8C8F00FEF775 /* ForStatementParser.m */ = {isa = PBXFileReference; fileEncoding = 4; lastKnownFileType = sourcecode.c.objc; path = ForStatementParser.m; sourceTree = "<group>"; };
		FA01DA941D2D8C9700FEF775 /* IfStatementParser.h */ = {isa = PBXFileReference; fileEncoding = 4; lastKnownFileType = sourcecode.c.h; path = IfStatementParser.h; sourceTree = "<group>"; };
		FA01DA951D2D8C9700FEF775 /* IfStatementParser.m */ = {isa = PBXFileReference; fileEncoding = 4; lastKnownFileType = sourcecode.c.objc; path = IfStatementParser.m; sourceTree = "<group>"; };
		FA01DA971D2D8C9F00FEF775 /* CaseStatementParser.h */ = {isa = PBXFileReference; fileEncoding = 4; lastKnownFileType = sourcecode.c.h; path = CaseStatementParser.h; sourceTree = "<group>"; };
		FA01DA981D2D8C9F00FEF775 /* CaseStatementParser.m */ = {isa = PBXFileReference; fileEncoding = 4; lastKnownFileType = sourcecode.c.objc; path = CaseStatementParser.m; sourceTree = "<group>"; };
		FA1ED7531CEAE8E30067331C /* PascalParserTD.h */ = {isa = PBXFileReference; fileEncoding = 4; lastKnownFileType = sourcecode.c.h; path = PascalParserTD.h; sourceTree = "<group>"; };
		FA1ED7541CEAE8E30067331C /* PascalParserTD.m */ = {isa = PBXFileReference; fileEncoding = 4; lastKnownFileType = sourcecode.c.objc; path = PascalParserTD.m; sourceTree = "<group>"; };
		FA1ED7561CEAEB410067331C /* PascalScanner.h */ = {isa = PBXFileReference; fileEncoding = 4; lastKnownFileType = sourcecode.c.h; path = PascalScanner.h; sourceTree = "<group>"; };
		FA1ED7571CEAEB410067331C /* PascalScanner.m */ = {isa = PBXFileReference; fileEncoding = 4; lastKnownFileType = sourcecode.c.objc; path = PascalScanner.m; sourceTree = "<group>"; };
		FA32C47D1D4026200069F90A /* TypeFactory.h */ = {isa = PBXFileReference; fileEncoding = 4; lastKnownFileType = sourcecode.c.h; path = TypeFactory.h; sourceTree = "<group>"; };
		FA32C47E1D4026200069F90A /* TypeFactory.m */ = {isa = PBXFileReference; fileEncoding = 4; lastKnownFileType = sourcecode.c.objc; path = TypeFactory.m; sourceTree = "<group>"; };
		FA32C4801D42CE770069F90A /* Definition.h */ = {isa = PBXFileReference; fileEncoding = 4; lastKnownFileType = sourcecode.c.h; path = Definition.h; sourceTree = "<group>"; };
		FA32C4811D42CF110069F90A /* DefinitionImpl.h */ = {isa = PBXFileReference; fileEncoding = 4; lastKnownFileType = sourcecode.c.h; path = DefinitionImpl.h; sourceTree = "<group>"; };
		FA32C4821D42CF110069F90A /* DefinitionImpl.m */ = {isa = PBXFileReference; fileEncoding = 4; lastKnownFileType = sourcecode.c.objc; path = DefinitionImpl.m; sourceTree = "<group>"; };
		FA32C4841D42EC070069F90A /* BlockParser.h */ = {isa = PBXFileReference; fileEncoding = 4; lastKnownFileType = sourcecode.c.h; path = BlockParser.h; sourceTree = "<group>"; };
		FA32C4851D42EC070069F90A /* BlockParser.m */ = {isa = PBXFileReference; fileEncoding = 4; lastKnownFileType = sourcecode.c.objc; path = BlockParser.m; sourceTree = "<group>"; };
		FA32C4871D42EEAD0069F90A /* DeclarationsParser.h */ = {isa = PBXFileReference; fileEncoding = 4; lastKnownFileType = sourcecode.c.h; path = DeclarationsParser.h; sourceTree = "<group>"; };
		FA32C4881D42EEAD0069F90A /* DeclarationsParser.m */ = {isa = PBXFileReference; fileEncoding = 4; lastKnownFileType = sourcecode.c.objc; path = DeclarationsParser.m; sourceTree = "<group>"; };
		FA32C48A1D459F4D0069F90A /* ConstantDefinitionsParser.h */ = {isa = PBXFileReference; fileEncoding = 4; lastKnownFileType = sourcecode.c.h; path = ConstantDefinitionsParser.h; sourceTree = "<group>"; };
		FA32C48B1D459F4D0069F90A /* ConstantDefinitionsParser.m */ = {isa = PBXFileReference; fileEncoding = 4; lastKnownFileType = sourcecode.c.objc; path = ConstantDefinitionsParser.m; sourceTree = "<group>"; };
		FA32C48D1D45A1730069F90A /* TypeDefinitionsParser.h */ = {isa = PBXFileReference; fileEncoding = 4; lastKnownFileType = sourcecode.c.h; path = TypeDefinitionsParser.h; sourceTree = "<group>"; };
		FA32C48E1D45A1730069F90A /* TypeDefinitionsParser.m */ = {isa = PBXFileReference; fileEncoding = 4; lastKnownFileType = sourcecode.c.objc; path = TypeDefinitionsParser.m; sourceTree = "<group>"; };
		FA32C4901D45A1B90069F90A /* VariableDeclarationsParser.h */ = {isa = PBXFileReference; fileEncoding = 4; lastKnownFileType = sourcecode.c.h; path = VariableDeclarationsParser.h; sourceTree = "<group>"; };
		FA32C4911D45A1B90069F90A /* VariableDeclarationsParser.m */ = {isa = PBXFileReference; fileEncoding = 4; lastKnownFileType = sourcecode.c.objc; path = VariableDeclarationsParser.m; sourceTree = "<group>"; };
		FA32C4931D45C32A0069F90A /* TypeSpecificationParser.h */ = {isa = PBXFileReference; fileEncoding = 4; lastKnownFileType = sourcecode.c.h; path = TypeSpecificationParser.h; sourceTree = "<group>"; };
		FA32C4941D45C32A0069F90A /* TypeSpecificationParser.m */ = {isa = PBXFileReference; fileEncoding = 4; lastKnownFileType = sourcecode.c.objc; path = TypeSpecificationParser.m; sourceTree = "<group>"; };
		FA53077B1D175A2100305683 /* SymbolTableStack.h */ = {isa = PBXFileReference; fileEncoding = 4; lastKnownFileType = sourcecode.c.h; path = SymbolTableStack.h; sourceTree = "<group>"; };
		FA536C1E1CFBCF87003586A4 /* PascalErrorHandler.h */ = {isa = PBXFileReference; fileEncoding = 4; lastKnownFileType = sourcecode.c.h; path = PascalErrorHandler.h; sourceTree = "<group>"; };
		FA536C1F1CFBCF87003586A4 /* PascalErrorHandler.m */ = {isa = PBXFileReference; fileEncoding = 4; lastKnownFileType = sourcecode.c.objc; path = PascalErrorHandler.m; sourceTree = "<group>"; };
		FA536C211CFBD2F5003586A4 /* PascalErrorCode.h */ = {isa = PBXFileReference; fileEncoding = 4; lastKnownFileType = sourcecode.c.h; path = PascalErrorCode.h; sourceTree = "<group>"; };
		FA536C221CFBD2F5003586A4 /* PascalErrorCode.m */ = {isa = PBXFileReference; fileEncoding = 4; lastKnownFileType = sourcecode.c.objc; path = PascalErrorCode.m; sourceTree = "<group>"; };
		FA5D4DD31D3EDAAC00147436 /* TypeSpec.h */ = {isa = PBXFileReference; fileEncoding = 4; lastKnownFileType = sourcecode.c.h; path = TypeSpec.h; sourceTree = "<group>"; };
		FA5D4DD41D3F13F900147436 /* TypeFormImpl.h */ = {isa = PBXFileReference; fileEncoding = 4; lastKnownFileType = sourcecode.c.h; path = TypeFormImpl.h; sourceTree = "<group>"; };
		FA5D4DD51D3F13F900147436 /* TypeFormImpl.m */ = {isa = PBXFileReference; fileEncoding = 4; lastKnownFileType = sourcecode.c.objc; path = TypeFormImpl.m; sourceTree = "<group>"; };
		FA5D4DD71D3F165100147436 /* TypeKeyImpl.h */ = {isa = PBXFileReference; fileEncoding = 4; lastKnownFileType = sourcecode.c.h; path = TypeKeyImpl.h; sourceTree = "<group>"; };
		FA5D4DD81D3F165100147436 /* TypeKeyImpl.m */ = {isa = PBXFileReference; fileEncoding = 4; lastKnownFileType = sourcecode.c.objc; path = TypeKeyImpl.m; sourceTree = "<group>"; };
		FA5D4DDA1D3F186100147436 /* TypeSpecImpl.h */ = {isa = PBXFileReference; fileEncoding = 4; lastKnownFileType = sourcecode.c.h; path = TypeSpecImpl.h; sourceTree = "<group>"; };
		FA5D4DDB1D3F186100147436 /* TypeSpecImpl.m */ = {isa = PBXFileReference; fileEncoding = 4; lastKnownFileType = sourcecode.c.objc; path = TypeSpecImpl.m; sourceTree = "<group>"; };
		FA5D4DDD1D3F47A200147436 /* Predefined.h */ = {isa = PBXFileReference; fileEncoding = 4; lastKnownFileType = sourcecode.c.h; path = Predefined.h; sourceTree = "<group>"; };
		FA5D4DDE1D3F47A200147436 /* Predefined.m */ = {isa = PBXFileReference; fileEncoding = 4; lastKnownFileType = sourcecode.c.objc; path = Predefined.m; sourceTree = "<group>"; };
		FA60F7B51DAF581A00546567 /* TypeChecker.h */ = {isa = PBXFileReference; fileEncoding = 4; lastKnownFileType = sourcecode.c.h; path = TypeChecker.h; sourceTree = "<group>"; };
		FA60F7B61DAF581A00546567 /* TypeChecker.m */ = {isa = PBXFileReference; fileEncoding = 4; lastKnownFileType = sourcecode.c.objc; path = TypeChecker.m; sourceTree = "<group>"; };
		FA9F2B751D3C45940014056E /* LoopExecutor.h */ = {isa = PBXFileReference; fileEncoding = 4; lastKnownFileType = sourcecode.c.h; path = LoopExecutor.h; sourceTree = "<group>"; };
		FA9F2B761D3C45940014056E /* LoopExecutor.m */ = {isa = PBXFileReference; fileEncoding = 4; lastKnownFileType = sourcecode.c.objc; path = LoopExecutor.m; sourceTree = "<group>"; };
		FA9F2B781D3C45A30014056E /* IfExecutor.h */ = {isa = PBXFileReference; fileEncoding = 4; lastKnownFileType = sourcecode.c.h; path = IfExecutor.h; sourceTree = "<group>"; };
		FA9F2B791D3C45A30014056E /* IfExecutor.m */ = {isa = PBXFileReference; fileEncoding = 4; lastKnownFileType = sourcecode.c.objc; path = IfExecutor.m; sourceTree = "<group>"; };
		FA9F2B7B1D3C45AB0014056E /* SelectExecutor.h */ = {isa = PBXFileReference; fileEncoding = 4; lastKnownFileType = sourcecode.c.h; path = SelectExecutor.h; sourceTree = "<group>"; };
		FA9F2B7C1D3C45AB0014056E /* SelectExecutor.m */ = {isa = PBXFileReference; fileEncoding = 4; lastKnownFileType = sourcecode.c.objc; path = SelectExecutor.m; sourceTree = "<group>"; };
		FAA035FE1D24AE8F00BEE571 /* IntermediateCodeFactory.h */ = {isa = PBXFileReference; fileEncoding = 4; lastKnownFileType = sourcecode.c.h; path = IntermediateCodeFactory.h; sourceTree = "<group>"; };
		FAA035FF1D24AE8F00BEE571 /* IntermediateCodeFactory.m */ = {isa = PBXFileReference; fileEncoding = 4; lastKnownFileType = sourcecode.c.objc; path = IntermediateCodeFactory.m; sourceTree = "<group>"; };
		FAA036011D24AFCD00BEE571 /* IntermediateCodeImp.h */ = {isa = PBXFileReference; fileEncoding = 4; lastKnownFileType = sourcecode.c.h; path = IntermediateCodeImp.h; sourceTree = "<group>"; };
		FAA036021D24AFCD00BEE571 /* IntermediateCodeImp.m */ = {isa = PBXFileReference; fileEncoding = 4; lastKnownFileType = sourcecode.c.objc; path = IntermediateCodeImp.m; sourceTree = "<group>"; };
		FAA036041D24AFDF00BEE571 /* IntermediateCodeNodeImp.h */ = {isa = PBXFileReference; fileEncoding = 4; lastKnownFileType = sourcecode.c.h; path = IntermediateCodeNodeImp.h; sourceTree = "<group>"; };
		FAA036051D24AFDF00BEE571 /* IntermediateCodeNodeImp.m */ = {isa = PBXFileReference; fileEncoding = 4; lastKnownFileType = sourcecode.c.objc; path = IntermediateCodeNodeImp.m; sourceTree = "<group>"; };
		FAA036071D24BCA700BEE571 /* IntermediateCodeNodeTypeImp.h */ = {isa = PBXFileReference; fileEncoding = 4; lastKnownFileType = sourcecode.c.h; path = IntermediateCodeNodeTypeImp.h; sourceTree = "<group>"; };
		FAA036081D24BCA700BEE571 /* IntermediateCodeNodeTypeImp.m */ = {isa = PBXFileReference; fileEncoding = 4; lastKnownFileType = sourcecode.c.objc; path = IntermediateCodeNodeTypeImp.m; sourceTree = "<group>"; };
		FAA0360A1D24BFC700BEE571 /* IntermediateCodeKeyImp.h */ = {isa = PBXFileReference; fileEncoding = 4; lastKnownFileType = sourcecode.c.h; path = IntermediateCodeKeyImp.h; sourceTree = "<group>"; };
		FAA0360B1D24BFC700BEE571 /* IntermediateCodeKeyImp.m */ = {isa = PBXFileReference; fileEncoding = 4; lastKnownFileType = sourcecode.c.objc; path = IntermediateCodeKeyImp.m; sourceTree = "<group>"; };
		FAA0360D1D24C43B00BEE571 /* ParseTreePrinter.h */ = {isa = PBXFileReference; fileEncoding = 4; lastKnownFileType = sourcecode.c.h; path = ParseTreePrinter.h; sourceTree = "<group>"; };
		FAA0360E1D24C43B00BEE571 /* ParseTreePrinter.m */ = {isa = PBXFileReference; fileEncoding = 4; lastKnownFileType = sourcecode.c.objc; path = ParseTreePrinter.m; sourceTree = "<group>"; };
		FAA036101D24DE7900BEE571 /* StatementParser.h */ = {isa = PBXFileReference; fileEncoding = 4; lastKnownFileType = sourcecode.c.h; path = StatementParser.h; sourceTree = "<group>"; };
		FAA036111D24DE7900BEE571 /* StatementParser.m */ = {isa = PBXFileReference; fileEncoding = 4; lastKnownFileType = sourcecode.c.objc; path = StatementParser.m; sourceTree = "<group>"; };
		FAA036131D24E2D000BEE571 /* AssignmentStatementParser.h */ = {isa = PBXFileReference; fileEncoding = 4; lastKnownFileType = sourcecode.c.h; path = AssignmentStatementParser.h; sourceTree = "<group>"; };
		FAA036141D24E2D000BEE571 /* AssignmentStatementParser.m */ = {isa = PBXFileReference; fileEncoding = 4; lastKnownFileType = sourcecode.c.objc; path = AssignmentStatementParser.m; sourceTree = "<group>"; };
		FAA036161D24E2E200BEE571 /* CompoundStatementParser.h */ = {isa = PBXFileReference; fileEncoding = 4; lastKnownFileType = sourcecode.c.h; path = CompoundStatementParser.h; sourceTree = "<group>"; };
		FAA036171D24E2E200BEE571 /* CompoundStatementParser.m */ = {isa = PBXFileReference; fileEncoding = 4; lastKnownFileType = sourcecode.c.objc; path = CompoundStatementParser.m; sourceTree = "<group>"; };
		FAA0361A1D25931900BEE571 /* ExpressionParser.h */ = {isa = PBXFileReference; fileEncoding = 4; lastKnownFileType = sourcecode.c.h; path = ExpressionParser.h; sourceTree = "<group>"; };
		FAA0361B1D25931900BEE571 /* ExpressionParser.m */ = {isa = PBXFileReference; fileEncoding = 4; lastKnownFileType = sourcecode.c.objc; path = ExpressionParser.m; sourceTree = "<group>"; };
		FAA0361F1D25D43900BEE571 /* Samples */ = {isa = PBXFileReference; lastKnownFileType = folder; path = Samples; sourceTree = "<group>"; };
		FAA036201D25E8BC00BEE571 /* RuntimeErrorHandler.h */ = {isa = PBXFileReference; fileEncoding = 4; lastKnownFileType = sourcecode.c.h; path = RuntimeErrorHandler.h; sourceTree = "<group>"; };
		FAA036211D25E8BC00BEE571 /* RuntimeErrorHandler.m */ = {isa = PBXFileReference; fileEncoding = 4; lastKnownFileType = sourcecode.c.objc; path = RuntimeErrorHandler.m; sourceTree = "<group>"; };
		FAA036231D25E96F00BEE571 /* RuntimeErrorCode.h */ = {isa = PBXFileReference; fileEncoding = 4; lastKnownFileType = sourcecode.c.h; path = RuntimeErrorCode.h; sourceTree = "<group>"; };
		FAA036241D25E96F00BEE571 /* RuntimeErrorCode.m */ = {isa = PBXFileReference; fileEncoding = 4; lastKnownFileType = sourcecode.c.objc; path = RuntimeErrorCode.m; sourceTree = "<group>"; };
		FAA036271D25F24100BEE571 /* StatementExecutor.h */ = {isa = PBXFileReference; fileEncoding = 4; lastKnownFileType = sourcecode.c.h; path = StatementExecutor.h; sourceTree = "<group>"; };
		FAA036281D25F24100BEE571 /* StatementExecutor.m */ = {isa = PBXFileReference; fileEncoding = 4; lastKnownFileType = sourcecode.c.objc; path = StatementExecutor.m; sourceTree = "<group>"; };
		FAA0362A1D25FD1C00BEE571 /* CompoundExecutor.h */ = {isa = PBXFileReference; fileEncoding = 4; lastKnownFileType = sourcecode.c.h; path = CompoundExecutor.h; sourceTree = "<group>"; };
		FAA0362B1D25FD1C00BEE571 /* CompoundExecutor.m */ = {isa = PBXFileReference; fileEncoding = 4; lastKnownFileType = sourcecode.c.objc; path = CompoundExecutor.m; sourceTree = "<group>"; };
		FAA0362D1D25FDA300BEE571 /* AssignmentExecutor.h */ = {isa = PBXFileReference; fileEncoding = 4; lastKnownFileType = sourcecode.c.h; path = AssignmentExecutor.h; sourceTree = "<group>"; };
		FAA0362E1D25FDA300BEE571 /* AssignmentExecutor.m */ = {isa = PBXFileReference; fileEncoding = 4; lastKnownFileType = sourcecode.c.objc; path = AssignmentExecutor.m; sourceTree = "<group>"; };
		FAA036301D26034000BEE571 /* ExpressionExecutor.h */ = {isa = PBXFileReference; fileEncoding = 4; lastKnownFileType = sourcecode.c.h; path = ExpressionExecutor.h; sourceTree = "<group>"; };
		FAA036311D26034000BEE571 /* ExpressionExecutor.m */ = {isa = PBXFileReference; fileEncoding = 4; lastKnownFileType = sourcecode.c.objc; path = ExpressionExecutor.m; sourceTree = "<group>"; };
		FAAC981B1D08DC8B006F0705 /* PascalSpecialSymbolToken.h */ = {isa = PBXFileReference; fileEncoding = 4; lastKnownFileType = sourcecode.c.h; path = PascalSpecialSymbolToken.h; sourceTree = "<group>"; };
		FAAC981C1D08DC8B006F0705 /* PascalSpecialSymbolToken.m */ = {isa = PBXFileReference; fileEncoding = 4; lastKnownFileType = sourcecode.c.objc; path = PascalSpecialSymbolToken.m; sourceTree = "<group>"; };
		FAAC981E1D08E30D006F0705 /* PascalNumberToken.h */ = {isa = PBXFileReference; fileEncoding = 4; lastKnownFileType = sourcecode.c.h; path = PascalNumberToken.h; sourceTree = "<group>"; };
		FAAC981F1D08E30D006F0705 /* PascalNumberToken.m */ = {isa = PBXFileReference; fileEncoding = 4; lastKnownFileType = sourcecode.c.objc; path = PascalNumberToken.m; sourceTree = "<group>"; };
		FAC252DB1D27374A00E6E0FB /* NSNumber+Type.h */ = {isa = PBXFileReference; fileEncoding = 4; lastKnownFileType = sourcecode.c.h; name = "NSNumber+Type.h"; path = "Mak/NSNumber+Type.h"; sourceTree = "<group>"; };
		FAC252DC1D27374A00E6E0FB /* NSNumber+Type.m */ = {isa = PBXFileReference; fileEncoding = 4; lastKnownFileType = sourcecode.c.objc; name = "NSNumber+Type.m"; path = "Mak/NSNumber+Type.m"; sourceTree = "<group>"; };
		FACF1A551CEED0F100F8D65F /* CodeGenerator.h */ = {isa = PBXFileReference; fileEncoding = 4; lastKnownFileType = sourcecode.c.h; path = CodeGenerator.h; sourceTree = "<group>"; };
		FACF1A561CEED0F100F8D65F /* CodeGenerator.m */ = {isa = PBXFileReference; fileEncoding = 4; lastKnownFileType = sourcecode.c.objc; path = CodeGenerator.m; sourceTree = "<group>"; };
		FACF1A581CEED28700F8D65F /* Executor.h */ = {isa = PBXFileReference; fileEncoding = 4; lastKnownFileType = sourcecode.c.h; path = Executor.h; sourceTree = "<group>"; };
		FACF1A591CEED28700F8D65F /* Executor.m */ = {isa = PBXFileReference; fileEncoding = 4; lastKnownFileType = sourcecode.c.objc; path = Executor.m; sourceTree = "<group>"; };
		FACF1A5B1CEED3EC00F8D65F /* Pascal.h */ = {isa = PBXFileReference; fileEncoding = 4; lastKnownFileType = sourcecode.c.h; name = Pascal.h; path = Mak/Pascal.h; sourceTree = "<group>"; };
		FACF1A5C1CEED3EC00F8D65F /* Pascal.m */ = {isa = PBXFileReference; fileEncoding = 4; lastKnownFileType = sourcecode.c.objc; name = Pascal.m; path = Mak/Pascal.m; sourceTree = "<group>"; };
		FAD097121CE69C0C00797878 /* Mak */ = {isa = PBXFileReference; explicitFileType = "compiled.mach-o.executable"; includeInIndex = 0; path = Mak; sourceTree = BUILT_PRODUCTS_DIR; };
		FAD097151CE69C0C00797878 /* main.m */ = {isa = PBXFileReference; lastKnownFileType = sourcecode.c.objc; name = main.m; path = Mak/main.m; sourceTree = "<group>"; };
		FAD0971C1CE69C3800797878 /* Macros.h */ = {isa = PBXFileReference; lastKnownFileType = sourcecode.c.h; name = Macros.h; path = Mak/Macros.h; sourceTree = "<group>"; };
		FAD0971D1CE69CF500797878 /* Parser.h */ = {isa = PBXFileReference; fileEncoding = 4; lastKnownFileType = sourcecode.c.h; path = Parser.h; sourceTree = "<group>"; };
		FAD0971E1CE69CF500797878 /* Parser.m */ = {isa = PBXFileReference; fileEncoding = 4; lastKnownFileType = sourcecode.c.objc; path = Parser.m; sourceTree = "<group>"; };
		FAD097231CE69D9100797878 /* Scanner.h */ = {isa = PBXFileReference; fileEncoding = 4; lastKnownFileType = sourcecode.c.h; path = Scanner.h; sourceTree = "<group>"; };
		FAD097241CE69D9100797878 /* Scanner.m */ = {isa = PBXFileReference; fileEncoding = 4; lastKnownFileType = sourcecode.c.objc; path = Scanner.m; sourceTree = "<group>"; };
		FAD097291CE69E9C00797878 /* Token.h */ = {isa = PBXFileReference; fileEncoding = 4; lastKnownFileType = sourcecode.c.h; path = Token.h; sourceTree = "<group>"; };
		FAD0972A1CE69E9C00797878 /* Token.m */ = {isa = PBXFileReference; fileEncoding = 4; lastKnownFileType = sourcecode.c.objc; path = Token.m; sourceTree = "<group>"; };
		FAD0972C1CE69F2200797878 /* Source.h */ = {isa = PBXFileReference; fileEncoding = 4; lastKnownFileType = sourcecode.c.h; path = Source.h; sourceTree = "<group>"; };
		FAD0972D1CE69F2200797878 /* Source.m */ = {isa = PBXFileReference; fileEncoding = 4; lastKnownFileType = sourcecode.c.objc; path = Source.m; sourceTree = "<group>"; };
		FAD097311CE6A14D00797878 /* LineReader.h */ = {isa = PBXFileReference; fileEncoding = 4; lastKnownFileType = sourcecode.c.h; path = LineReader.h; sourceTree = "<group>"; };
		FAD097321CE6A14D00797878 /* LineReader.m */ = {isa = PBXFileReference; fileEncoding = 4; lastKnownFileType = sourcecode.c.objc; path = LineReader.m; sourceTree = "<group>"; };
		FAD097351CE6AFD800797878 /* Notes.txt */ = {isa = PBXFileReference; fileEncoding = 4; lastKnownFileType = text; name = Notes.txt; path = Mak/Notes.txt; sourceTree = "<group>"; };
		FAD097361CE6B1E700797878 /* EofToken.h */ = {isa = PBXFileReference; fileEncoding = 4; lastKnownFileType = sourcecode.c.h; path = EofToken.h; sourceTree = "<group>"; };
		FAD097371CE6B1E700797878 /* EofToken.m */ = {isa = PBXFileReference; fileEncoding = 4; lastKnownFileType = sourcecode.c.objc; path = EofToken.m; sourceTree = "<group>"; };
		FAD097391CE6B78A00797878 /* Message.h */ = {isa = PBXFileReference; fileEncoding = 4; lastKnownFileType = sourcecode.c.h; path = Message.h; sourceTree = "<group>"; };
		FAD0973A1CE6B78A00797878 /* Message.m */ = {isa = PBXFileReference; fileEncoding = 4; lastKnownFileType = sourcecode.c.objc; path = Message.m; sourceTree = "<group>"; };
		FAD0973D1CE6B8C200797878 /* Notifications.h */ = {isa = PBXFileReference; fileEncoding = 4; lastKnownFileType = sourcecode.c.h; name = Notifications.h; path = Mak/Notifications.h; sourceTree = "<group>"; };
		FAD0973E1CE6B8C200797878 /* Notifications.m */ = {isa = PBXFileReference; fileEncoding = 4; lastKnownFileType = sourcecode.c.objc; name = Notifications.m; path = Mak/Notifications.m; sourceTree = "<group>"; };
		FAD097411CEAE2D100797878 /* IntermediateCode.h */ = {isa = PBXFileReference; fileEncoding = 4; lastKnownFileType = sourcecode.c.h; path = IntermediateCode.h; sourceTree = "<group>"; };
		FAD097421CEAE2EF00797878 /* SymbolTable.h */ = {isa = PBXFileReference; fileEncoding = 4; lastKnownFileType = sourcecode.c.h; path = SymbolTable.h; sourceTree = "<group>"; };
		FAD097441CEAE46E00797878 /* Backend.h */ = {isa = PBXFileReference; fileEncoding = 4; lastKnownFileType = sourcecode.c.h; path = Backend.h; sourceTree = "<group>"; };
		FAD097451CEAE46E00797878 /* Backend.m */ = {isa = PBXFileReference; fileEncoding = 4; lastKnownFileType = sourcecode.c.objc; path = Backend.m; sourceTree = "<group>"; };
		FAD98FAB1DB454D100BF7075 /* VariableParser.h */ = {isa = PBXFileReference; fileEncoding = 4; lastKnownFileType = sourcecode.c.h; path = VariableParser.h; sourceTree = "<group>"; };
		FAD98FAC1DB454D100BF7075 /* VariableParser.m */ = {isa = PBXFileReference; fileEncoding = 4; lastKnownFileType = sourcecode.c.objc; path = VariableParser.m; sourceTree = "<group>"; };
		FAFAF4601CFBFABD00D563B0 /* PascalErrorToken.h */ = {isa = PBXFileReference; fileEncoding = 4; lastKnownFileType = sourcecode.c.h; path = PascalErrorToken.h; sourceTree = "<group>"; };
		FAFAF4611CFBFABD00D563B0 /* PascalErrorToken.m */ = {isa = PBXFileReference; fileEncoding = 4; lastKnownFileType = sourcecode.c.objc; path = PascalErrorToken.m; sourceTree = "<group>"; };
		FAFAF4631CFBFBFA00D563B0 /* PascalToken.h */ = {isa = PBXFileReference; fileEncoding = 4; lastKnownFileType = sourcecode.c.h; path = PascalToken.h; sourceTree = "<group>"; };
		FAFAF4641CFBFBFA00D563B0 /* PascalToken.m */ = {isa = PBXFileReference; fileEncoding = 4; lastKnownFileType = sourcecode.c.objc; path = PascalToken.m; sourceTree = "<group>"; };
		FAFAF4671CFC06A800D563B0 /* PascalTokenType.h */ = {isa = PBXFileReference; fileEncoding = 4; lastKnownFileType = sourcecode.c.h; path = PascalTokenType.h; sourceTree = "<group>"; };
		FAFAF4681CFC06A800D563B0 /* PascalTokenType.m */ = {isa = PBXFileReference; fileEncoding = 4; lastKnownFileType = sourcecode.c.objc; path = PascalTokenType.m; sourceTree = "<group>"; };
		FAFAF46A1CFC15FA00D563B0 /* PascalWordToken.h */ = {isa = PBXFileReference; fileEncoding = 4; lastKnownFileType = sourcecode.c.h; path = PascalWordToken.h; sourceTree = "<group>"; };
		FAFAF46B1CFC15FA00D563B0 /* PascalWordToken.m */ = {isa = PBXFileReference; fileEncoding = 4; lastKnownFileType = sourcecode.c.objc; path = PascalWordToken.m; sourceTree = "<group>"; };
		FAFAF46D1CFC1C5A00D563B0 /* PascalStringToken.h */ = {isa = PBXFileReference; fileEncoding = 4; lastKnownFileType = sourcecode.c.h; path = PascalStringToken.h; sourceTree = "<group>"; };
		FAFAF46E1CFC1C5A00D563B0 /* PascalStringToken.m */ = {isa = PBXFileReference; fileEncoding = 4; lastKnownFileType = sourcecode.c.objc; path = PascalStringToken.m; sourceTree = "<group>"; };
		FAFBCBCC1D17666300C036D6 /* SymbolTableEntry.h */ = {isa = PBXFileReference; fileEncoding = 4; lastKnownFileType = sourcecode.c.h; path = SymbolTableEntry.h; sourceTree = "<group>"; };
		FAFBCBCD1D176C1100C036D6 /* SymbolTableFactory.h */ = {isa = PBXFileReference; fileEncoding = 4; lastKnownFileType = sourcecode.c.h; path = SymbolTableFactory.h; sourceTree = "<group>"; };
		FAFBCBCE1D176C1100C036D6 /* SymbolTableFactory.m */ = {isa = PBXFileReference; fileEncoding = 4; lastKnownFileType = sourcecode.c.objc; path = SymbolTableFactory.m; sourceTree = "<group>"; };
		FAFBCBD01D176FAB00C036D6 /* SymTabStack.h */ = {isa = PBXFileReference; fileEncoding = 4; lastKnownFileType = sourcecode.c.h; path = SymTabStack.h; sourceTree = "<group>"; };
		FAFBCBD11D176FAB00C036D6 /* SymTabStack.m */ = {isa = PBXFileReference; fileEncoding = 4; lastKnownFileType = sourcecode.c.objc; path = SymTabStack.m; sourceTree = "<group>"; };
		FAFBCBD31D1771C300C036D6 /* SymTab.h */ = {isa = PBXFileReference; fileEncoding = 4; lastKnownFileType = sourcecode.c.h; path = SymTab.h; sourceTree = "<group>"; };
		FAFBCBD41D1771C300C036D6 /* SymTab.m */ = {isa = PBXFileReference; fileEncoding = 4; lastKnownFileType = sourcecode.c.objc; path = SymTab.m; sourceTree = "<group>"; };
		FAFBCBD61D17756300C036D6 /* SymTabEntry.h */ = {isa = PBXFileReference; fileEncoding = 4; lastKnownFileType = sourcecode.c.h; path = SymTabEntry.h; sourceTree = "<group>"; };
		FAFBCBD71D17756300C036D6 /* SymTabEntry.m */ = {isa = PBXFileReference; fileEncoding = 4; lastKnownFileType = sourcecode.c.objc; path = SymTabEntry.m; sourceTree = "<group>"; };
		FAFBCBD91D1777A400C036D6 /* SymTabKey.h */ = {isa = PBXFileReference; fileEncoding = 4; lastKnownFileType = sourcecode.c.h; path = SymTabKey.h; sourceTree = "<group>"; };
		FAFBCBDA1D1777A400C036D6 /* SymTabKey.m */ = {isa = PBXFileReference; fileEncoding = 4; lastKnownFileType = sourcecode.c.objc; path = SymTabKey.m; sourceTree = "<group>"; };
		FAFBCBDF1D17785600C036D6 /* SymbolTableKey.h */ = {isa = PBXFileReference; fileEncoding = 4; lastKnownFileType = sourcecode.c.h; path = SymbolTableKey.h; sourceTree = "<group>"; };
		FAFBCBE01D177CC000C036D6 /* CrossReferencer.h */ = {isa = PBXFileReference; fileEncoding = 4; lastKnownFileType = sourcecode.c.h; path = CrossReferencer.h; sourceTree = "<group>"; };
		FAFBCBE11D177CC000C036D6 /* CrossReferencer.m */ = {isa = PBXFileReference; fileEncoding = 4; lastKnownFileType = sourcecode.c.objc; path = CrossReferencer.m; sourceTree = "<group>"; };
/* End PBXFileReference section */

/* Begin PBXFrameworksBuildPhase section */
		FAD0970F1CE69C0C00797878 /* Frameworks */ = {
			isa = PBXFrameworksBuildPhase;
			buildActionMask = 2147483647;
			files = (
			);
			runOnlyForDeploymentPostprocessing = 0;
		};
/* End PBXFrameworksBuildPhase section */

/* Begin PBXGroup section */
		FA1ED7511CEAE8760067331C /* Frontend */ = {
			isa = PBXGroup;
			children = (
				FAD097361CE6B1E700797878 /* EofToken.h */,
				FAD097371CE6B1E700797878 /* EofToken.m */,
				FAD097311CE6A14D00797878 /* LineReader.h */,
				FAD097321CE6A14D00797878 /* LineReader.m */,
				FAD097391CE6B78A00797878 /* Message.h */,
				FAD0973A1CE6B78A00797878 /* Message.m */,
				FAD0971D1CE69CF500797878 /* Parser.h */,
				FAD0971E1CE69CF500797878 /* Parser.m */,
				FAD097231CE69D9100797878 /* Scanner.h */,
				FAD097241CE69D9100797878 /* Scanner.m */,
				FAD0972C1CE69F2200797878 /* Source.h */,
				FAD0972D1CE69F2200797878 /* Source.m */,
				FAD097291CE69E9C00797878 /* Token.h */,
				FAD0972A1CE69E9C00797878 /* Token.m */,
				FA1ED7521CEAE8990067331C /* Pascal */,
			);
			name = Frontend;
			sourceTree = "<group>";
		};
		FA1ED7521CEAE8990067331C /* Pascal */ = {
			isa = PBXGroup;
			children = (
				FAA036191D258FF100BEE571 /* Parsers */,
				FA536C211CFBD2F5003586A4 /* PascalErrorCode.h */,
				FA536C221CFBD2F5003586A4 /* PascalErrorCode.m */,
				FA536C1E1CFBCF87003586A4 /* PascalErrorHandler.h */,
				FA536C1F1CFBCF87003586A4 /* PascalErrorHandler.m */,
				FAFAF4601CFBFABD00D563B0 /* PascalErrorToken.h */,
				FAFAF4611CFBFABD00D563B0 /* PascalErrorToken.m */,
				FAAC981E1D08E30D006F0705 /* PascalNumberToken.h */,
				FAAC981F1D08E30D006F0705 /* PascalNumberToken.m */,
				FA1ED7561CEAEB410067331C /* PascalScanner.h */,
				FA1ED7571CEAEB410067331C /* PascalScanner.m */,
				FAAC981B1D08DC8B006F0705 /* PascalSpecialSymbolToken.h */,
				FAAC981C1D08DC8B006F0705 /* PascalSpecialSymbolToken.m */,
				FAFAF46D1CFC1C5A00D563B0 /* PascalStringToken.h */,
				FAFAF46E1CFC1C5A00D563B0 /* PascalStringToken.m */,
				FAFAF4631CFBFBFA00D563B0 /* PascalToken.h */,
				FAFAF4641CFBFBFA00D563B0 /* PascalToken.m */,
				FAFAF4671CFC06A800D563B0 /* PascalTokenType.h */,
				FAFAF4681CFC06A800D563B0 /* PascalTokenType.m */,
				FAFAF46A1CFC15FA00D563B0 /* PascalWordToken.h */,
				FAFAF46B1CFC15FA00D563B0 /* PascalWordToken.m */,
			);
			name = Pascal;
			sourceTree = "<group>";
		};
		FA53077A1D175A0900305683 /* Intermediate */ = {
			isa = PBXGroup;
			children = (
				FAFBCBE01D177CC000C036D6 /* CrossReferencer.h */,
				FAFBCBE11D177CC000C036D6 /* CrossReferencer.m */,
				FAD097411CEAE2D100797878 /* IntermediateCode.h */,
				FAA035FE1D24AE8F00BEE571 /* IntermediateCodeFactory.h */,
				FAA035FF1D24AE8F00BEE571 /* IntermediateCodeFactory.m */,
				FAA036011D24AFCD00BEE571 /* IntermediateCodeImp.h */,
				FAA036021D24AFCD00BEE571 /* IntermediateCodeImp.m */,
				FAA0360A1D24BFC700BEE571 /* IntermediateCodeKeyImp.h */,
				FAA0360B1D24BFC700BEE571 /* IntermediateCodeKeyImp.m */,
				FAA036041D24AFDF00BEE571 /* IntermediateCodeNodeImp.h */,
				FAA036051D24AFDF00BEE571 /* IntermediateCodeNodeImp.m */,
				FAA036071D24BCA700BEE571 /* IntermediateCodeNodeTypeImp.h */,
				FAA036081D24BCA700BEE571 /* IntermediateCodeNodeTypeImp.m */,
				FAA0360D1D24C43B00BEE571 /* ParseTreePrinter.h */,
				FAA0360E1D24C43B00BEE571 /* ParseTreePrinter.m */,
				FAD097421CEAE2EF00797878 /* SymbolTable.h */,
				FAFBCBCC1D17666300C036D6 /* SymbolTableEntry.h */,
				FAFBCBCD1D176C1100C036D6 /* SymbolTableFactory.h */,
				FAFBCBCE1D176C1100C036D6 /* SymbolTableFactory.m */,
				FAFBCBDF1D17785600C036D6 /* SymbolTableKey.h */,
				FA53077B1D175A2100305683 /* SymbolTableStack.h */,
				FAFBCBD31D1771C300C036D6 /* SymTab.h */,
				FAFBCBD41D1771C300C036D6 /* SymTab.m */,
				FAFBCBD61D17756300C036D6 /* SymTabEntry.h */,
				FAFBCBD71D17756300C036D6 /* SymTabEntry.m */,
				FAFBCBD91D1777A400C036D6 /* SymTabKey.h */,
				FAFBCBDA1D1777A400C036D6 /* SymTabKey.m */,
				FAFBCBD01D176FAB00C036D6 /* SymTabStack.h */,
				FAFBCBD11D176FAB00C036D6 /* SymTabStack.m */,
				FA5D4DD31D3EDAAC00147436 /* TypeSpec.h */,
				FA5D4DD41D3F13F900147436 /* TypeFormImpl.h */,
				FA5D4DD51D3F13F900147436 /* TypeFormImpl.m */,
				FA5D4DD71D3F165100147436 /* TypeKeyImpl.h */,
				FA5D4DD81D3F165100147436 /* TypeKeyImpl.m */,
				FA5D4DDA1D3F186100147436 /* TypeSpecImpl.h */,
				FA5D4DDB1D3F186100147436 /* TypeSpecImpl.m */,
				FA5D4DDD1D3F47A200147436 /* Predefined.h */,
				FA5D4DDE1D3F47A200147436 /* Predefined.m */,
				FA32C47D1D4026200069F90A /* TypeFactory.h */,
				FA32C47E1D4026200069F90A /* TypeFactory.m */,
				FA32C4801D42CE770069F90A /* Definition.h */,
				FA32C4811D42CF110069F90A /* DefinitionImpl.h */,
				FA32C4821D42CF110069F90A /* DefinitionImpl.m */,
				FA60F7B51DAF581A00546567 /* TypeChecker.h */,
				FA60F7B61DAF581A00546567 /* TypeChecker.m */,
			);
			name = Intermediate;
			sourceTree = "<group>";
		};
		FAA036191D258FF100BEE571 /* Parsers */ = {
			isa = PBXGroup;
			children = (
				FA017DAC1D497648000C5759 /* ArrayTypeParser.h */,
				FA017DAD1D497648000C5759 /* ArrayTypeParser.m */,
				FAA036131D24E2D000BEE571 /* AssignmentStatementParser.h */,
				FAA036141D24E2D000BEE571 /* AssignmentStatementParser.m */,
				FA32C4841D42EC070069F90A /* BlockParser.h */,
				FA32C4851D42EC070069F90A /* BlockParser.m */,
				FA01DA971D2D8C9F00FEF775 /* CaseStatementParser.h */,
				FA01DA981D2D8C9F00FEF775 /* CaseStatementParser.m */,
				FAA036161D24E2E200BEE571 /* CompoundStatementParser.h */,
				FAA036171D24E2E200BEE571 /* CompoundStatementParser.m */,
				FA32C48A1D459F4D0069F90A /* ConstantDefinitionsParser.h */,
				FA32C48B1D459F4D0069F90A /* ConstantDefinitionsParser.m */,
				FA32C4871D42EEAD0069F90A /* DeclarationsParser.h */,
				FA32C4881D42EEAD0069F90A /* DeclarationsParser.m */,
				FAA0361A1D25931900BEE571 /* ExpressionParser.h */,
				FAA0361B1D25931900BEE571 /* ExpressionParser.m */,
				FA01DA911D2D8C8F00FEF775 /* ForStatementParser.h */,
				FA01DA921D2D8C8F00FEF775 /* ForStatementParser.m */,
				FA01DA941D2D8C9700FEF775 /* IfStatementParser.h */,
				FA01DA951D2D8C9700FEF775 /* IfStatementParser.m */,
				FA1ED7531CEAE8E30067331C /* PascalParserTD.h */,
				FA1ED7541CEAE8E30067331C /* PascalParserTD.m */,
				FA017DAF1D49765C000C5759 /* RecordTypeParser.h */,
				FA017DB01D49765C000C5759 /* RecordTypeParser.m */,
				FA017DB21D4979CB000C5759 /* SubrangeTypeParser.h */,
				FA017DB31D4979CB000C5759 /* SubrangeTypeParser.m */,
				FA017DB51D497AA2000C5759 /* EnumerationTypeParser.h */,
				FA017DB61D497AA2000C5759 /* EnumerationTypeParser.m */,
				FA01DA8B1D2D8C7C00FEF775 /* RepeatStatementParser.h */,
				FA01DA8C1D2D8C7C00FEF775 /* RepeatStatementParser.m */,
				FA017DA91D4974E8000C5759 /* SimpleTypeParser.h */,
				FA017DAA1D4974E8000C5759 /* SimpleTypeParser.m */,
				FAA036101D24DE7900BEE571 /* StatementParser.h */,
				FAA036111D24DE7900BEE571 /* StatementParser.m */,
				FA32C48D1D45A1730069F90A /* TypeDefinitionsParser.h */,
				FA32C48E1D45A1730069F90A /* TypeDefinitionsParser.m */,
				FA32C4931D45C32A0069F90A /* TypeSpecificationParser.h */,
				FA32C4941D45C32A0069F90A /* TypeSpecificationParser.m */,
				FA32C4901D45A1B90069F90A /* VariableDeclarationsParser.h */,
				FA32C4911D45A1B90069F90A /* VariableDeclarationsParser.m */,
				FA01DA8E1D2D8C8600FEF775 /* WhileStatementParser.h */,
				FA01DA8F1D2D8C8600FEF775 /* WhileStatementParser.m */,
				FAD98FAB1DB454D100BF7075 /* VariableParser.h */,
				FAD98FAC1DB454D100BF7075 /* VariableParser.m */,
			);
			name = Parsers;
			sourceTree = "<group>";
		};
		FAC252DA1D27372A00E6E0FB /* Categories */ = {
			isa = PBXGroup;
			children = (
				FAC252DB1D27374A00E6E0FB /* NSNumber+Type.h */,
				FAC252DC1D27374A00E6E0FB /* NSNumber+Type.m */,
			);
			name = Categories;
			sourceTree = "<group>";
		};
		FACF1A531CEED08E00F8D65F /* Compiler */ = {
			isa = PBXGroup;
			children = (
				FACF1A551CEED0F100F8D65F /* CodeGenerator.h */,
				FACF1A561CEED0F100F8D65F /* CodeGenerator.m */,
			);
			name = Compiler;
			sourceTree = "<group>";
		};
		FACF1A541CEED09400F8D65F /* Interpreter */ = {
			isa = PBXGroup;
			children = (
				FAA0362D1D25FDA300BEE571 /* AssignmentExecutor.h */,
				FAA0362E1D25FDA300BEE571 /* AssignmentExecutor.m */,
				FAA0362A1D25FD1C00BEE571 /* CompoundExecutor.h */,
				FAA0362B1D25FD1C00BEE571 /* CompoundExecutor.m */,
				FACF1A581CEED28700F8D65F /* Executor.h */,
				FACF1A591CEED28700F8D65F /* Executor.m */,
				FAA036301D26034000BEE571 /* ExpressionExecutor.h */,
				FAA036311D26034000BEE571 /* ExpressionExecutor.m */,
				FAA036231D25E96F00BEE571 /* RuntimeErrorCode.h */,
				FAA036241D25E96F00BEE571 /* RuntimeErrorCode.m */,
				FAA036201D25E8BC00BEE571 /* RuntimeErrorHandler.h */,
				FAA036211D25E8BC00BEE571 /* RuntimeErrorHandler.m */,
				FAA036271D25F24100BEE571 /* StatementExecutor.h */,
				FAA036281D25F24100BEE571 /* StatementExecutor.m */,
				FA9F2B751D3C45940014056E /* LoopExecutor.h */,
				FA9F2B761D3C45940014056E /* LoopExecutor.m */,
				FA9F2B781D3C45A30014056E /* IfExecutor.h */,
				FA9F2B791D3C45A30014056E /* IfExecutor.m */,
				FA9F2B7B1D3C45AB0014056E /* SelectExecutor.h */,
				FA9F2B7C1D3C45AB0014056E /* SelectExecutor.m */,
			);
			name = Interpreter;
			sourceTree = "<group>";
		};
		FAD097091CE69C0C00797878 = {
			isa = PBXGroup;
			children = (
				FAA0361F1D25D43900BEE571 /* Samples */,
				FAD097351CE6AFD800797878 /* Notes.txt */,
				FAD0973D1CE6B8C200797878 /* Notifications.h */,
				FAD0973E1CE6B8C200797878 /* Notifications.m */,
				FAD0971C1CE69C3800797878 /* Macros.h */,
				FAD097151CE69C0C00797878 /* main.m */,
				FACF1A5B1CEED3EC00F8D65F /* Pascal.h */,
				FACF1A5C1CEED3EC00F8D65F /* Pascal.m */,
				FAC252DA1D27372A00E6E0FB /* Categories */,
				FAD097141CE69C0C00797878 /* Mak */,
				FAD097131CE69C0C00797878 /* Products */,
			);
			sourceTree = "<group>";
		};
		FAD097131CE69C0C00797878 /* Products */ = {
			isa = PBXGroup;
			children = (
				FAD097121CE69C0C00797878 /* Mak */,
			);
			name = Products;
			sourceTree = "<group>";
		};
		FAD097141CE69C0C00797878 /* Mak */ = {
			isa = PBXGroup;
			children = (
				FAD097431CEAE45A00797878 /* Backend */,
				FA1ED7511CEAE8760067331C /* Frontend */,
				FA53077A1D175A0900305683 /* Intermediate */,
			);
			path = Mak;
			sourceTree = "<group>";
		};
		FAD097431CEAE45A00797878 /* Backend */ = {
			isa = PBXGroup;
			children = (
				FACF1A541CEED09400F8D65F /* Interpreter */,
				FACF1A531CEED08E00F8D65F /* Compiler */,
				FAD097441CEAE46E00797878 /* Backend.h */,
				FAD097451CEAE46E00797878 /* Backend.m */,
			);
			name = Backend;
			sourceTree = "<group>";
		};
/* End PBXGroup section */

/* Begin PBXNativeTarget section */
		FAD097111CE69C0C00797878 /* Mak */ = {
			isa = PBXNativeTarget;
			buildConfigurationList = FAD097191CE69C0C00797878 /* Build configuration list for PBXNativeTarget "Mak" */;
			buildPhases = (
				FAD0970E1CE69C0C00797878 /* Sources */,
				FAD0970F1CE69C0C00797878 /* Frameworks */,
				FAD097101CE69C0C00797878 /* CopyFiles */,
			);
			buildRules = (
			);
			dependencies = (
			);
			name = Mak;
			productName = Mak;
			productReference = FAD097121CE69C0C00797878 /* Mak */;
			productType = "com.apple.product-type.tool";
		};
/* End PBXNativeTarget section */

/* Begin PBXProject section */
		FAD0970A1CE69C0C00797878 /* Project object */ = {
			isa = PBXProject;
			attributes = {
				LastUpgradeCheck = 0730;
				ORGANIZATIONNAME = restrepo;
				TargetAttributes = {
					FAD097111CE69C0C00797878 = {
						CreatedOnToolsVersion = 7.3;
					};
				};
			};
			buildConfigurationList = FAD0970D1CE69C0C00797878 /* Build configuration list for PBXProject "Mak" */;
			compatibilityVersion = "Xcode 3.2";
			developmentRegion = English;
			hasScannedForEncodings = 0;
			knownRegions = (
				en,
			);
			mainGroup = FAD097091CE69C0C00797878;
			productRefGroup = FAD097131CE69C0C00797878 /* Products */;
			projectDirPath = "";
			projectRoot = "";
			targets = (
				FAD097111CE69C0C00797878 /* Mak */,
			);
		};
/* End PBXProject section */

/* Begin PBXSourcesBuildPhase section */
		FAD0970E1CE69C0C00797878 /* Sources */ = {
			isa = PBXSourcesBuildPhase;
			buildActionMask = 2147483647;
			files = (
				FAFBCBD21D176FAB00C036D6 /* SymTabStack.m in Sources */,
				FAFAF46C1CFC15FA00D563B0 /* PascalWordToken.m in Sources */,
				FAA036321D26034000BEE571 /* ExpressionExecutor.m in Sources */,
				FAA0361C1D25931900BEE571 /* ExpressionParser.m in Sources */,
				FAA036091D24BCA700BEE571 /* IntermediateCodeNodeTypeImp.m in Sources */,
				FAFBCBD81D17756300C036D6 /* SymTabEntry.m in Sources */,
				FA5D4DDC1D3F186100147436 /* TypeSpecImpl.m in Sources */,
				FAA0362C1D25FD1C00BEE571 /* CompoundExecutor.m in Sources */,
				FAD097461CEAE46E00797878 /* Backend.m in Sources */,
				FAAC981D1D08DC8B006F0705 /* PascalSpecialSymbolToken.m in Sources */,
				FAD097381CE6B1E700797878 /* EofToken.m in Sources */,
				FA60F7B71DAF581A00546567 /* TypeChecker.m in Sources */,
				FAD98FAD1DB454D100BF7075 /* VariableParser.m in Sources */,
				FA017DB41D4979CB000C5759 /* SubrangeTypeParser.m in Sources */,
				FA01DA991D2D8C9F00FEF775 /* CaseStatementParser.m in Sources */,
				FACF1A571CEED0F100F8D65F /* CodeGenerator.m in Sources */,
				FA017DB11D49765C000C5759 /* RecordTypeParser.m in Sources */,
				FA536C231CFBD2F5003586A4 /* PascalErrorCode.m in Sources */,
				FA32C47F1D4026200069F90A /* TypeFactory.m in Sources */,
				FAFBCBD51D1771C300C036D6 /* SymTab.m in Sources */,
				FAD097331CE6A14D00797878 /* LineReader.m in Sources */,
				FA1ED7551CEAE8E30067331C /* PascalParserTD.m in Sources */,
				FAFAF4621CFBFABD00D563B0 /* PascalErrorToken.m in Sources */,
				FAA036031D24AFCD00BEE571 /* IntermediateCodeImp.m in Sources */,
				FA1ED7581CEAEB410067331C /* PascalScanner.m in Sources */,
				FA01DA961D2D8C9700FEF775 /* IfStatementParser.m in Sources */,
				FAA036121D24DE7900BEE571 /* StatementParser.m in Sources */,
				FA5D4DDF1D3F47A200147436 /* Predefined.m in Sources */,
				FAA0362F1D25FDA300BEE571 /* AssignmentExecutor.m in Sources */,
				FAFBCBCF1D176C1100C036D6 /* SymbolTableFactory.m in Sources */,
				FA32C4861D42EC070069F90A /* BlockParser.m in Sources */,
				FA01DA8D1D2D8C7C00FEF775 /* RepeatStatementParser.m in Sources */,
				FAD0972E1CE69F2200797878 /* Source.m in Sources */,
				FAFAF46F1CFC1C5A00D563B0 /* PascalStringToken.m in Sources */,
				FA017DB71D497AA2000C5759 /* EnumerationTypeParser.m in Sources */,
				FAD0971F1CE69CF500797878 /* Parser.m in Sources */,
				FA32C48F1D45A1730069F90A /* TypeDefinitionsParser.m in Sources */,
				FA5D4DD91D3F165100147436 /* TypeKeyImpl.m in Sources */,
				FA32C4831D42CF110069F90A /* DefinitionImpl.m in Sources */,
				FA017DAB1D4974E8000C5759 /* SimpleTypeParser.m in Sources */,
				FAD0973F1CE6B8C200797878 /* Notifications.m in Sources */,
				FA017DAE1D497648000C5759 /* ArrayTypeParser.m in Sources */,
				FAD0972B1CE69E9C00797878 /* Token.m in Sources */,
				FAA036061D24AFDF00BEE571 /* IntermediateCodeNodeImp.m in Sources */,
				FA01DA931D2D8C8F00FEF775 /* ForStatementParser.m in Sources */,
				FAFBCBDB1D1777A400C036D6 /* SymTabKey.m in Sources */,
				FAD0973B1CE6B78A00797878 /* Message.m in Sources */,
				FA536C201CFBCF87003586A4 /* PascalErrorHandler.m in Sources */,
				FAD097251CE69D9100797878 /* Scanner.m in Sources */,
				FA32C48C1D459F4D0069F90A /* ConstantDefinitionsParser.m in Sources */,
				FA32C4951D45C32A0069F90A /* TypeSpecificationParser.m in Sources */,
				FA9F2B7A1D3C45A30014056E /* IfExecutor.m in Sources */,
				FAA036151D24E2D000BEE571 /* AssignmentStatementParser.m in Sources */,
				FACF1A5D1CEED3EC00F8D65F /* Pascal.m in Sources */,
				FAFAF4651CFBFBFA00D563B0 /* PascalToken.m in Sources */,
				FA32C4921D45A1B90069F90A /* VariableDeclarationsParser.m in Sources */,
				FAA036221D25E8BC00BEE571 /* RuntimeErrorHandler.m in Sources */,
				FAA036251D25E96F00BEE571 /* RuntimeErrorCode.m in Sources */,
				FA5D4DD61D3F13F900147436 /* TypeFormImpl.m in Sources */,
				FAC252DD1D27374A00E6E0FB /* NSNumber+Type.m in Sources */,
				FA9F2B771D3C45940014056E /* LoopExecutor.m in Sources */,
				FAA0360F1D24C43B00BEE571 /* ParseTreePrinter.m in Sources */,
				FAA036181D24E2E200BEE571 /* CompoundStatementParser.m in Sources */,
				FAAC98201D08E30D006F0705 /* PascalNumberToken.m in Sources */,
				FAA036001D24AE8F00BEE571 /* IntermediateCodeFactory.m in Sources */,
				FAA0360C1D24BFC700BEE571 /* IntermediateCodeKeyImp.m in Sources */,
				FACF1A5A1CEED28700F8D65F /* Executor.m in Sources */,
				FAFBCBE21D177CC000C036D6 /* CrossReferencer.m in Sources */,
				FAA036291D25F24100BEE571 /* StatementExecutor.m in Sources */,
				FA01DA901D2D8C8600FEF775 /* WhileStatementParser.m in Sources */,
				FA9F2B7D1D3C45AB0014056E /* SelectExecutor.m in Sources */,
				FAD097161CE69C0C00797878 /* main.m in Sources */,
				FAFAF4691CFC06A800D563B0 /* PascalTokenType.m in Sources */,
				FA32C4891D42EEAD0069F90A /* DeclarationsParser.m in Sources */,
			);
			runOnlyForDeploymentPostprocessing = 0;
		};
/* End PBXSourcesBuildPhase section */

/* Begin XCBuildConfiguration section */
		FAD097171CE69C0C00797878 /* Debug */ = {
			isa = XCBuildConfiguration;
			buildSettings = {
				ALWAYS_SEARCH_USER_PATHS = NO;
				CLANG_ANALYZER_NONNULL = YES;
				CLANG_CXX_LANGUAGE_STANDARD = "gnu++0x";
				CLANG_CXX_LIBRARY = "libc++";
				CLANG_ENABLE_MODULES = YES;
				CLANG_ENABLE_OBJC_ARC = YES;
				CLANG_WARN_BOOL_CONVERSION = YES;
				CLANG_WARN_CONSTANT_CONVERSION = YES;
				CLANG_WARN_DIRECT_OBJC_ISA_USAGE = YES_ERROR;
				CLANG_WARN_EMPTY_BODY = YES;
				CLANG_WARN_ENUM_CONVERSION = YES;
				CLANG_WARN_INT_CONVERSION = YES;
				CLANG_WARN_OBJC_ROOT_CLASS = YES_ERROR;
				CLANG_WARN_UNREACHABLE_CODE = YES;
				CLANG_WARN__DUPLICATE_METHOD_MATCH = YES;
				CODE_SIGN_IDENTITY = "-";
				COPY_PHASE_STRIP = NO;
				DEBUG_INFORMATION_FORMAT = dwarf;
				ENABLE_STRICT_OBJC_MSGSEND = YES;
				ENABLE_TESTABILITY = YES;
				GCC_C_LANGUAGE_STANDARD = gnu99;
				GCC_DYNAMIC_NO_PIC = NO;
				GCC_NO_COMMON_BLOCKS = YES;
				GCC_OPTIMIZATION_LEVEL = 0;
				GCC_PREPROCESSOR_DEFINITIONS = (
					"DEBUG=1",
					"$(inherited)",
				);
				GCC_WARN_64_TO_32_BIT_CONVERSION = YES;
				GCC_WARN_ABOUT_RETURN_TYPE = YES_ERROR;
				GCC_WARN_UNDECLARED_SELECTOR = YES;
				GCC_WARN_UNINITIALIZED_AUTOS = YES_AGGRESSIVE;
				GCC_WARN_UNUSED_FUNCTION = YES;
				GCC_WARN_UNUSED_VARIABLE = YES;
				MACOSX_DEPLOYMENT_TARGET = 10.11;
				MTL_ENABLE_DEBUG_INFO = YES;
				ONLY_ACTIVE_ARCH = YES;
				SDKROOT = macosx;
			};
			name = Debug;
		};
		FAD097181CE69C0C00797878 /* Release */ = {
			isa = XCBuildConfiguration;
			buildSettings = {
				ALWAYS_SEARCH_USER_PATHS = NO;
				CLANG_ANALYZER_NONNULL = YES;
				CLANG_CXX_LANGUAGE_STANDARD = "gnu++0x";
				CLANG_CXX_LIBRARY = "libc++";
				CLANG_ENABLE_MODULES = YES;
				CLANG_ENABLE_OBJC_ARC = YES;
				CLANG_WARN_BOOL_CONVERSION = YES;
				CLANG_WARN_CONSTANT_CONVERSION = YES;
				CLANG_WARN_DIRECT_OBJC_ISA_USAGE = YES_ERROR;
				CLANG_WARN_EMPTY_BODY = YES;
				CLANG_WARN_ENUM_CONVERSION = YES;
				CLANG_WARN_INT_CONVERSION = YES;
				CLANG_WARN_OBJC_ROOT_CLASS = YES_ERROR;
				CLANG_WARN_UNREACHABLE_CODE = YES;
				CLANG_WARN__DUPLICATE_METHOD_MATCH = YES;
				CODE_SIGN_IDENTITY = "-";
				COPY_PHASE_STRIP = NO;
				DEBUG_INFORMATION_FORMAT = "dwarf-with-dsym";
				ENABLE_NS_ASSERTIONS = NO;
				ENABLE_STRICT_OBJC_MSGSEND = YES;
				GCC_C_LANGUAGE_STANDARD = gnu99;
				GCC_NO_COMMON_BLOCKS = YES;
				GCC_WARN_64_TO_32_BIT_CONVERSION = YES;
				GCC_WARN_ABOUT_RETURN_TYPE = YES_ERROR;
				GCC_WARN_UNDECLARED_SELECTOR = YES;
				GCC_WARN_UNINITIALIZED_AUTOS = YES_AGGRESSIVE;
				GCC_WARN_UNUSED_FUNCTION = YES;
				GCC_WARN_UNUSED_VARIABLE = YES;
				MACOSX_DEPLOYMENT_TARGET = 10.11;
				MTL_ENABLE_DEBUG_INFO = NO;
				SDKROOT = macosx;
			};
			name = Release;
		};
		FAD0971A1CE69C0C00797878 /* Debug */ = {
			isa = XCBuildConfiguration;
			buildSettings = {
				PRODUCT_NAME = "$(TARGET_NAME)";
			};
			name = Debug;
		};
		FAD0971B1CE69C0C00797878 /* Release */ = {
			isa = XCBuildConfiguration;
			buildSettings = {
				PRODUCT_NAME = "$(TARGET_NAME)";
			};
			name = Release;
		};
/* End XCBuildConfiguration section */

/* Begin XCConfigurationList section */
		FAD0970D1CE69C0C00797878 /* Build configuration list for PBXProject "Mak" */ = {
			isa = XCConfigurationList;
			buildConfigurations = (
				FAD097171CE69C0C00797878 /* Debug */,
				FAD097181CE69C0C00797878 /* Release */,
			);
			defaultConfigurationIsVisible = 0;
			defaultConfigurationName = Release;
		};
		FAD097191CE69C0C00797878 /* Build configuration list for PBXNativeTarget "Mak" */ = {
			isa = XCConfigurationList;
			buildConfigurations = (
				FAD0971A1CE69C0C00797878 /* Debug */,
				FAD0971B1CE69C0C00797878 /* Release */,
			);
			defaultConfigurationIsVisible = 0;
			defaultConfigurationName = Release;
		};
/* End XCConfigurationList section */
	};
	rootObject = FAD0970A1CE69C0C00797878 /* Project object */;
}
